// !$*UTF8*$!
{
	archiveVersion = 1;
	classes = {
	};
	objectVersion = 56;
	objects = {

/* Begin PBXBuildFile section */
		C200C22D2A0968EE00EE4BD0 /* Offer.swift in Sources */ = {isa = PBXBuildFile; fileRef = C200C22C2A0968EE00EE4BD0 /* Offer.swift */; };
		C200C22F2A09693E00EE4BD0 /* TravelTip.swift in Sources */ = {isa = PBXBuildFile; fileRef = C200C22E2A09693E00EE4BD0 /* TravelTip.swift */; };
		C200C2312A0A4CB200EE4BD0 /* FeaturedCity.swift in Sources */ = {isa = PBXBuildFile; fileRef = C200C2302A0A4CB200EE4BD0 /* FeaturedCity.swift */; };
		C200C2352A0A661E00EE4BD0 /* MapView.swift in Sources */ = {isa = PBXBuildFile; fileRef = C200C2342A0A661E00EE4BD0 /* MapView.swift */; };
		C200C2742A0BAAB700EE4BD0 /* Destination.swift in Sources */ = {isa = PBXBuildFile; fileRef = C200C2732A0BAAB700EE4BD0 /* Destination.swift */; };
		C200C2762A0BB29D00EE4BD0 /* SearchBarView.swift in Sources */ = {isa = PBXBuildFile; fileRef = C200C2752A0BB29D00EE4BD0 /* SearchBarView.swift */; };
		C200C2782A0BBBAA00EE4BD0 /* CityMapView.swift in Sources */ = {isa = PBXBuildFile; fileRef = C200C2772A0BBBAA00EE4BD0 /* CityMapView.swift */; };
		C200C27A2A0BBBE800EE4BD0 /* Cards.swift in Sources */ = {isa = PBXBuildFile; fileRef = C200C2792A0BBBE800EE4BD0 /* Cards.swift */; };
		C200C27C2A0C125300EE4BD0 /* Category.swift in Sources */ = {isa = PBXBuildFile; fileRef = C200C27B2A0C125300EE4BD0 /* Category.swift */; };
		C200C2FA2A0CD85800EE4BD0 /* LocationDataManager.swift in Sources */ = {isa = PBXBuildFile; fileRef = C200C2F92A0CD85800EE4BD0 /* LocationDataManager.swift */; };
		C200C2FD2A0CE2AC00EE4BD0 /* WeatherKitManager.swift in Sources */ = {isa = PBXBuildFile; fileRef = C200C2FC2A0CE2AC00EE4BD0 /* WeatherKitManager.swift */; };
		C24728EF2A27F4A000FEE628 /* ActionButtonView.swift in Sources */ = {isa = PBXBuildFile; fileRef = C24728EE2A27F4A000FEE628 /* ActionButtonView.swift */; };
		C24A572F2A119413006DC7EB /* Service.swift in Sources */ = {isa = PBXBuildFile; fileRef = C24A572E2A119413006DC7EB /* Service.swift */; };
		C24A57362A11958B006DC7EB /* ServiceRowView.swift in Sources */ = {isa = PBXBuildFile; fileRef = C24A57352A11958B006DC7EB /* ServiceRowView.swift */; };
		C25C9D182A1EA89D00365BA2 /* AccountSettingsView.swift in Sources */ = {isa = PBXBuildFile; fileRef = C25C9D172A1EA89D00365BA2 /* AccountSettingsView.swift */; };
		C25C9D1A2A1EA8DF00365BA2 /* PrivacySettingsView.swift in Sources */ = {isa = PBXBuildFile; fileRef = C25C9D192A1EA8DF00365BA2 /* PrivacySettingsView.swift */; };
		C25C9D1C2A1EA91E00365BA2 /* NotificationSettingsView.swift in Sources */ = {isa = PBXBuildFile; fileRef = C25C9D1B2A1EA91E00365BA2 /* NotificationSettingsView.swift */; };
		C25C9D1E2A1EA95800365BA2 /* TravelPreferencesView.swift in Sources */ = {isa = PBXBuildFile; fileRef = C25C9D1D2A1EA95800365BA2 /* TravelPreferencesView.swift */; };
		C25C9D202A1EA9AC00365BA2 /* SecuritySettingsView.swift in Sources */ = {isa = PBXBuildFile; fileRef = C25C9D1F2A1EA9AC00365BA2 /* SecuritySettingsView.swift */; };
		C25C9D222A1EAA3B00365BA2 /* PaymentSettingsView.swift in Sources */ = {isa = PBXBuildFile; fileRef = C25C9D212A1EAA3B00365BA2 /* PaymentSettingsView.swift */; };
		C25C9D3C2A1F5FF200365BA2 /* User.xcdatamodeld in Sources */ = {isa = PBXBuildFile; fileRef = C25C9D3A2A1F5FF200365BA2 /* User.xcdatamodeld */; };
		C25C9D3E2A1F61AF00365BA2 /* ActivityController.swift in Sources */ = {isa = PBXBuildFile; fileRef = C25C9D3D2A1F61AF00365BA2 /* ActivityController.swift */; };
		C25E76F82A090CF100E0D82A /* AdditionalServicesView.swift in Sources */ = {isa = PBXBuildFile; fileRef = C25E76F72A090CF100E0D82A /* AdditionalServicesView.swift */; };
		C25E76FD2A090D0300E0D82A /* SeatButton.swift in Sources */ = {isa = PBXBuildFile; fileRef = C25E76FA2A090D0300E0D82A /* SeatButton.swift */; };
		C25E76FE2A090D0300E0D82A /* SeatGridView.swift in Sources */ = {isa = PBXBuildFile; fileRef = C25E76FB2A090D0300E0D82A /* SeatGridView.swift */; };
		C25E76FF2A090D0300E0D82A /* SeatSelectionView.swift in Sources */ = {isa = PBXBuildFile; fileRef = C25E76FC2A090D0300E0D82A /* SeatSelectionView.swift */; };
		C25E77022A090D1E00E0D82A /* AirportSelectionView.swift in Sources */ = {isa = PBXBuildFile; fileRef = C25E77012A090D1E00E0D82A /* AirportSelectionView.swift */; };
		C25E77092A090D4F00E0D82A /* LoginView.swift in Sources */ = {isa = PBXBuildFile; fileRef = C25E77072A090D4F00E0D82A /* LoginView.swift */; };
		C25E770A2A090D4F00E0D82A /* RegisterView.swift in Sources */ = {isa = PBXBuildFile; fileRef = C25E77082A090D4F00E0D82A /* RegisterView.swift */; };
		C25E770D2A090D6300E0D82A /* BoardingPassView.swift in Sources */ = {isa = PBXBuildFile; fileRef = C25E770C2A090D6300E0D82A /* BoardingPassView.swift */; };
		C25E77102A090D7000E0D82A /* BookingView.swift in Sources */ = {isa = PBXBuildFile; fileRef = C25E770F2A090D7000E0D82A /* BookingView.swift */; };
		C25E77172A090D8A00E0D82A /* FlightSearchView.swift in Sources */ = {isa = PBXBuildFile; fileRef = C25E77142A090D8A00E0D82A /* FlightSearchView.swift */; };
		C25E77182A090D8A00E0D82A /* FlightListView.swift in Sources */ = {isa = PBXBuildFile; fileRef = C25E77152A090D8A00E0D82A /* FlightListView.swift */; };
		C25E77192A090D8A00E0D82A /* FlightPriceView.swift in Sources */ = {isa = PBXBuildFile; fileRef = C25E77162A090D8A00E0D82A /* FlightPriceView.swift */; };
		C25E771B2A090D9F00E0D82A /* ExploreView.swift in Sources */ = {isa = PBXBuildFile; fileRef = C25E771A2A090D9F00E0D82A /* ExploreView.swift */; };
		C25E771D2A090DA400E0D82A /* WelcomeView.swift in Sources */ = {isa = PBXBuildFile; fileRef = C25E771C2A090DA400E0D82A /* WelcomeView.swift */; };
		C25E771F2A090DA700E0D82A /* ProfileView.swift in Sources */ = {isa = PBXBuildFile; fileRef = C25E771E2A090DA700E0D82A /* ProfileView.swift */; };
		C25E77212A090DA900E0D82A /* ServicesView.swift in Sources */ = {isa = PBXBuildFile; fileRef = C25E77202A090DA900E0D82A /* ServicesView.swift */; };
		C25E77282A090DCB00E0D82A /* PassengerDetailsView.swift in Sources */ = {isa = PBXBuildFile; fileRef = C25E77232A090DCB00E0D82A /* PassengerDetailsView.swift */; };
		C25E77292A090DCB00E0D82A /* LoadingAlertView.swift in Sources */ = {isa = PBXBuildFile; fileRef = C25E77242A090DCB00E0D82A /* LoadingAlertView.swift */; };
		C25E772A2A090DCB00E0D82A /* PassengerRow.swift in Sources */ = {isa = PBXBuildFile; fileRef = C25E77252A090DCB00E0D82A /* PassengerRow.swift */; };
		C25E772B2A090DCB00E0D82A /* ShowPassengerDetailsView.swift in Sources */ = {isa = PBXBuildFile; fileRef = C25E77262A090DCB00E0D82A /* ShowPassengerDetailsView.swift */; };
		C25E772C2A090DCB00E0D82A /* AddPassengerView.swift in Sources */ = {isa = PBXBuildFile; fileRef = C25E77272A090DCB00E0D82A /* AddPassengerView.swift */; };
		C25E772E2A090DDB00E0D82A /* PaymentsView.swift in Sources */ = {isa = PBXBuildFile; fileRef = C25E772D2A090DDB00E0D82A /* PaymentsView.swift */; };
		C25E77302A090DE200E0D82A /* TicketView.swift in Sources */ = {isa = PBXBuildFile; fileRef = C25E772F2A090DE200E0D82A /* TicketView.swift */; };
		C25E77322A090ECE00E0D82A /* HomeView.swift in Sources */ = {isa = PBXBuildFile; fileRef = C25E77312A090ECE00E0D82A /* HomeView.swift */; };
		C2723B3E2A14B34100B54DB0 /* FlightAirportPicker.swift in Sources */ = {isa = PBXBuildFile; fileRef = C2723B3D2A14B34100B54DB0 /* FlightAirportPicker.swift */; };
		C27EF5D62A07C2B8000CA41F /* CeyehatApp.swift in Sources */ = {isa = PBXBuildFile; fileRef = C27EF5D52A07C2B8000CA41F /* CeyehatApp.swift */; };
		C27EF5DA2A07C2BA000CA41F /* Assets.xcassets in Resources */ = {isa = PBXBuildFile; fileRef = C27EF5D92A07C2BA000CA41F /* Assets.xcassets */; };
		C27EF5DD2A07C2BA000CA41F /* Preview Assets.xcassets in Resources */ = {isa = PBXBuildFile; fileRef = C27EF5DC2A07C2BA000CA41F /* Preview Assets.xcassets */; };
		C27EF5DF2A07C2BA000CA41F /* Persistence.swift in Sources */ = {isa = PBXBuildFile; fileRef = C27EF5DE2A07C2BA000CA41F /* Persistence.swift */; };
		C27EF5E22A07C2BA000CA41F /* Ceyehat.xcdatamodeld in Sources */ = {isa = PBXBuildFile; fileRef = C27EF5E02A07C2BA000CA41F /* Ceyehat.xcdatamodeld */; };
		C27EF5F62A07C2BA000CA41F /* CeyehatUITests.swift in Sources */ = {isa = PBXBuildFile; fileRef = C27EF5F52A07C2BA000CA41F /* CeyehatUITests.swift */; };
		C27EF5F82A07C2BA000CA41F /* CeyehatUITestsLaunchTests.swift in Sources */ = {isa = PBXBuildFile; fileRef = C27EF5F72A07C2BA000CA41F /* CeyehatUITestsLaunchTests.swift */; };
		C27EF61A2A07CBC6000CA41F /* Flight.swift in Sources */ = {isa = PBXBuildFile; fileRef = C27EF6192A07CBC6000CA41F /* Flight.swift */; };
		C27EF6202A07CDF7000CA41F /* Formatters.swift in Sources */ = {isa = PBXBuildFile; fileRef = C27EF61F2A07CDF7000CA41F /* Formatters.swift */; };
		C27EF6232A07D3B8000CA41F /* Airport.swift in Sources */ = {isa = PBXBuildFile; fileRef = C27EF6222A07D3B8000CA41F /* Airport.swift */; };
		C27EF6282A07D68C000CA41F /* FlightSearch.swift in Sources */ = {isa = PBXBuildFile; fileRef = C27EF6272A07D68C000CA41F /* FlightSearch.swift */; };
		C27EF62E2A07D813000CA41F /* FlightViewModel.swift in Sources */ = {isa = PBXBuildFile; fileRef = C27EF62D2A07D813000CA41F /* FlightViewModel.swift */; };
		C27EF6312A07D843000CA41F /* Seat.swift in Sources */ = {isa = PBXBuildFile; fileRef = C27EF6302A07D843000CA41F /* Seat.swift */; };
		C27EF6392A07DA4E000CA41F /* Passenger.swift in Sources */ = {isa = PBXBuildFile; fileRef = C27EF6382A07DA4D000CA41F /* Passenger.swift */; };
		C27EF63C2A07DA68000CA41F /* Enums.swift in Sources */ = {isa = PBXBuildFile; fileRef = C27EF63B2A07DA68000CA41F /* Enums.swift */; };
		C27EF6462A07DDA7000CA41F /* Token.swift in Sources */ = {isa = PBXBuildFile; fileRef = C27EF6452A07DDA7000CA41F /* Token.swift */; };
		C27EF64B2A07DE5F000CA41F /* UserAuth.swift in Sources */ = {isa = PBXBuildFile; fileRef = C27EF64A2A07DE5F000CA41F /* UserAuth.swift */; };
		C27EF6502A07F2C6000CA41F /* AuthenticationRequests.swift in Sources */ = {isa = PBXBuildFile; fileRef = C27EF64F2A07F2C6000CA41F /* AuthenticationRequests.swift */; };
		C27EF6552A07FA6C000CA41F /* Ticket.swift in Sources */ = {isa = PBXBuildFile; fileRef = C27EF6542A07FA6C000CA41F /* Ticket.swift */; };
		C27EF65A2A07FDDE000CA41F /* FlightTicket.swift in Sources */ = {isa = PBXBuildFile; fileRef = C27EF6592A07FDDE000CA41F /* FlightTicket.swift */; };
		C27EF6602A0806B0000CA41F /* BaseApiClient.swift in Sources */ = {isa = PBXBuildFile; fileRef = C27EF65F2A0806B0000CA41F /* BaseApiClient.swift */; };
		C27EF6692A0807B9000CA41F /* FlightApiClient.swift in Sources */ = {isa = PBXBuildFile; fileRef = C27EF6682A0807B9000CA41F /* FlightApiClient.swift */; };
		C27EF66C2A080871000CA41F /* ApiEndpoints.swift in Sources */ = {isa = PBXBuildFile; fileRef = C27EF66B2A080871000CA41F /* ApiEndpoints.swift */; };
		C27EF6712A0821B8000CA41F /* AirportApiClient.swift in Sources */ = {isa = PBXBuildFile; fileRef = C27EF6702A0821B8000CA41F /* AirportApiClient.swift */; };
		C27EF6742A08223B000CA41F /* AuthApiClient.swift in Sources */ = {isa = PBXBuildFile; fileRef = C27EF6732A08223B000CA41F /* AuthApiClient.swift */; };
		C27EF6772A082272000CA41F /* PassengerApiClient.swift in Sources */ = {isa = PBXBuildFile; fileRef = C27EF6762A082272000CA41F /* PassengerApiClient.swift */; };
		C27EF67A2A082369000CA41F /* SeatApiClient.swift in Sources */ = {isa = PBXBuildFile; fileRef = C27EF6792A082369000CA41F /* SeatApiClient.swift */; };
		C27EF67D2A0823B9000CA41F /* TicketFlightApiClient.swift in Sources */ = {isa = PBXBuildFile; fileRef = C27EF67C2A0823B9000CA41F /* TicketFlightApiClient.swift */; };
		C27EF6802A086049000CA41F /* AirportViewModel.swift in Sources */ = {isa = PBXBuildFile; fileRef = C27EF67F2A086049000CA41F /* AirportViewModel.swift */; };
		C27EF6832A0860C7000CA41F /* LoginViewModel.swift in Sources */ = {isa = PBXBuildFile; fileRef = C27EF6822A0860C7000CA41F /* LoginViewModel.swift */; };
		C27EF6862A0860D5000CA41F /* RegisterViewModel.swift in Sources */ = {isa = PBXBuildFile; fileRef = C27EF6852A0860D5000CA41F /* RegisterViewModel.swift */; };
		C27EF6892A086179000CA41F /* CheckinViewModel.swift in Sources */ = {isa = PBXBuildFile; fileRef = C27EF6882A086179000CA41F /* CheckinViewModel.swift */; };
		C27EF68C2A08618E000CA41F /* PassengerViewModel.swift in Sources */ = {isa = PBXBuildFile; fileRef = C27EF68B2A08618E000CA41F /* PassengerViewModel.swift */; };
		C27EF68F2A086219000CA41F /* TicketViewModel.swift in Sources */ = {isa = PBXBuildFile; fileRef = C27EF68E2A086219000CA41F /* TicketViewModel.swift */; };
		C27EF6922A086277000CA41F /* SeatViewModel.swift in Sources */ = {isa = PBXBuildFile; fileRef = C27EF6912A086277000CA41F /* SeatViewModel.swift */; };
		C28CE4032A2BED2400A3224F /* FlightTicketsView.swift in Sources */ = {isa = PBXBuildFile; fileRef = C28CE4022A2BED2400A3224F /* FlightTicketsView.swift */; };
		C28CE4072A2CEFA600A3224F /* FlightSegment.swift in Sources */ = {isa = PBXBuildFile; fileRef = C28CE4062A2CEFA600A3224F /* FlightSegment.swift */; };
		C28CE4092A2CEFC800A3224F /* FlightSegmentSectionHeader.swift in Sources */ = {isa = PBXBuildFile; fileRef = C28CE4082A2CEFC800A3224F /* FlightSegmentSectionHeader.swift */; };
		C28CE40B2A2CF06400A3224F /* FlightLegRowHeader.swift in Sources */ = {isa = PBXBuildFile; fileRef = C28CE40A2A2CF06300A3224F /* FlightLegRowHeader.swift */; };
		C28CE40D2A2CF0A400A3224F /* FlightLegRowFooter.swift in Sources */ = {isa = PBXBuildFile; fileRef = C28CE40C2A2CF0A400A3224F /* FlightLegRowFooter.swift */; };
		C28CE40F2A2CF12900A3224F /* FlightItinaryList.swift in Sources */ = {isa = PBXBuildFile; fileRef = C28CE40E2A2CF12900A3224F /* FlightItinaryList.swift */; };
		C28CE4112A2DE61F00A3224F /* BookingRowSectionHeader.swift in Sources */ = {isa = PBXBuildFile; fileRef = C28CE4102A2DE61F00A3224F /* BookingRowSectionHeader.swift */; };
		C28CE4132A2DE7FC00A3224F /* BookingsList.swift in Sources */ = {isa = PBXBuildFile; fileRef = C28CE4122A2DE7FC00A3224F /* BookingsList.swift */; };
		C28CE4152A2DED7200A3224F /* BookingFooter.swift in Sources */ = {isa = PBXBuildFile; fileRef = C28CE4142A2DED7200A3224F /* BookingFooter.swift */; };
		C28E2C082A11896100DCBE70 /* AirportRowView.swift in Sources */ = {isa = PBXBuildFile; fileRef = C28E2C072A11896100DCBE70 /* AirportRowView.swift */; };
		C2AE4C3B2A0CF62700B26C22 /* CheckinView.swift in Sources */ = {isa = PBXBuildFile; fileRef = C2AE4C3A2A0CF62700B26C22 /* CheckinView.swift */; };
		C2B35E472A1CCFD50074F69D /* User.swift in Sources */ = {isa = PBXBuildFile; fileRef = C2B35E462A1CCFD50074F69D /* User.swift */; };
		C2CC242F2A2AA42E00CA8079 /* KeychainWrapper.swift in Sources */ = {isa = PBXBuildFile; fileRef = C2CC242E2A2AA42E00CA8079 /* KeychainWrapper.swift */; };
		C2CC24862A2AA67F00CA8079 /* KeychainWrapper.swift in Sources */ = {isa = PBXBuildFile; fileRef = C2CC242E2A2AA42E00CA8079 /* KeychainWrapper.swift */; };
		C2CC24872A2AA68300CA8079 /* User.swift in Sources */ = {isa = PBXBuildFile; fileRef = C2B35E462A1CCFD50074F69D /* User.swift */; };
		C2CC24892A2AA70F00CA8079 /* CeyehatTest.swift in Sources */ = {isa = PBXBuildFile; fileRef = C2CC24882A2AA70F00CA8079 /* CeyehatTest.swift */; };
		C2CC248B2A2AAA5800CA8079 /* Booking.swift in Sources */ = {isa = PBXBuildFile; fileRef = C2CC248A2A2AAA5800CA8079 /* Booking.swift */; };
		C2CC248C2A2AAA5800CA8079 /* Booking.swift in Sources */ = {isa = PBXBuildFile; fileRef = C2CC248A2A2AAA5800CA8079 /* Booking.swift */; };
		C2CC248E2A2AB52A00CA8079 /* BookingsView.swift in Sources */ = {isa = PBXBuildFile; fileRef = C2CC248D2A2AB52A00CA8079 /* BookingsView.swift */; };
		C2CC24952A2B510600CA8079 /* BookingBody.swift in Sources */ = {isa = PBXBuildFile; fileRef = C2CC24942A2B510600CA8079 /* BookingBody.swift */; };
		C2F0A7672A117F71009D73D6 /* FlightTypePicker.swift in Sources */ = {isa = PBXBuildFile; fileRef = C2F0A7662A117F71009D73D6 /* FlightTypePicker.swift */; };
		C2F0A7692A117FBC009D73D6 /* FlightType.swift in Sources */ = {isa = PBXBuildFile; fileRef = C2F0A7682A117FBC009D73D6 /* FlightType.swift */; };
		C2F8C5842A155AAD00641719 /* CombinedDatePicker.swift in Sources */ = {isa = PBXBuildFile; fileRef = C2F8C5832A155AAD00641719 /* CombinedDatePicker.swift */; };
		C2F8C5862A155D0C00641719 /* PassengerCountView.swift in Sources */ = {isa = PBXBuildFile; fileRef = C2F8C5852A155D0C00641719 /* PassengerCountView.swift */; };
		C2F8C5892A16150400641719 /* Hotel.swift in Sources */ = {isa = PBXBuildFile; fileRef = C2F8C5882A16150400641719 /* Hotel.swift */; };
		C2F8C58E2A16158000641719 /* HotelReservationView.swift in Sources */ = {isa = PBXBuildFile; fileRef = C2F8C58D2A16158000641719 /* HotelReservationView.swift */; };
		C2F8C5902A161AB300641719 /* Car.swift in Sources */ = {isa = PBXBuildFile; fileRef = C2F8C58F2A161AB300641719 /* Car.swift */; };
		C2F8C5922A161B0300641719 /* CarRentalView.swift in Sources */ = {isa = PBXBuildFile; fileRef = C2F8C5912A161B0300641719 /* CarRentalView.swift */; };
		C2F8C5952A161B9800641719 /* CarCard.swift in Sources */ = {isa = PBXBuildFile; fileRef = C2F8C5942A161B9800641719 /* CarCard.swift */; };
		C2F8C5972A161DB600641719 /* Taxi.swift in Sources */ = {isa = PBXBuildFile; fileRef = C2F8C5962A161DB600641719 /* Taxi.swift */; };
		C2F8C59A2A161DE600641719 /* TaxiCallView.swift in Sources */ = {isa = PBXBuildFile; fileRef = C2F8C5992A161DE600641719 /* TaxiCallView.swift */; };
		C2F8C59C2A1671B900641719 /* Tour.swift in Sources */ = {isa = PBXBuildFile; fileRef = C2F8C59B2A1671B900641719 /* Tour.swift */; };
		C2F8C59F2A16728D00641719 /* TourOrganizerView.swift in Sources */ = {isa = PBXBuildFile; fileRef = C2F8C59E2A16728D00641719 /* TourOrganizerView.swift */; };
		C2F8C5A32A1672C400641719 /* TourDetailView.swift in Sources */ = {isa = PBXBuildFile; fileRef = C2F8C5A22A1672C400641719 /* TourDetailView.swift */; };
		C2F8C5A52A1672CE00641719 /* TourRowView.swift in Sources */ = {isa = PBXBuildFile; fileRef = C2F8C5A42A1672CE00641719 /* TourRowView.swift */; };
		C2F8C5A72A16741C00641719 /* TrainTicket.swift in Sources */ = {isa = PBXBuildFile; fileRef = C2F8C5A62A16741C00641719 /* TrainTicket.swift */; };
		C2F8C5AA2A16744C00641719 /* TrainTicketView.swift in Sources */ = {isa = PBXBuildFile; fileRef = C2F8C5A92A16744C00641719 /* TrainTicketView.swift */; };
		C2F8C5AD2A16747400641719 /* TrainTicketRowView.swift in Sources */ = {isa = PBXBuildFile; fileRef = C2F8C5AC2A16747400641719 /* TrainTicketRowView.swift */; };
		C2F8C5AF2A1674A700641719 /* TrainTicketDetailView.swift in Sources */ = {isa = PBXBuildFile; fileRef = C2F8C5AE2A1674A700641719 /* TrainTicketDetailView.swift */; };
		C2F8C5B32A16765F00641719 /* FoodService.swift in Sources */ = {isa = PBXBuildFile; fileRef = C2F8C5B22A16765F00641719 /* FoodService.swift */; };
		C2F8C5B62A16769500641719 /* FoodServiceView.swift in Sources */ = {isa = PBXBuildFile; fileRef = C2F8C5B52A16769500641719 /* FoodServiceView.swift */; };
		C2F8C5B82A1676A000641719 /* FoodServiceRowView.swift in Sources */ = {isa = PBXBuildFile; fileRef = C2F8C5B72A1676A000641719 /* FoodServiceRowView.swift */; };
		C2F8C5BA2A1676AB00641719 /* FoodServiceDetailView.swift in Sources */ = {isa = PBXBuildFile; fileRef = C2F8C5B92A1676AB00641719 /* FoodServiceDetailView.swift */; };
		C2F8C5BC2A1677A000641719 /* TourGuide.swift in Sources */ = {isa = PBXBuildFile; fileRef = C2F8C5BB2A1677A000641719 /* TourGuide.swift */; };
		C2F8C5BF2A1677F900641719 /* TourGuideView.swift in Sources */ = {isa = PBXBuildFile; fileRef = C2F8C5BE2A1677F900641719 /* TourGuideView.swift */; };
		C2F8C5C12A16780E00641719 /* TourGuideDetailView.swift in Sources */ = {isa = PBXBuildFile; fileRef = C2F8C5C02A16780E00641719 /* TourGuideDetailView.swift */; };
		C2F8C5C52A1678C300641719 /* EventTicket.swift in Sources */ = {isa = PBXBuildFile; fileRef = C2F8C5C42A1678C300641719 /* EventTicket.swift */; };
		C2F8C5C82A1678E400641719 /* EventTicketView.swift in Sources */ = {isa = PBXBuildFile; fileRef = C2F8C5C72A1678E400641719 /* EventTicketView.swift */; };
		C2F8C5CA2A1678EC00641719 /* EventTicketRowView.swift in Sources */ = {isa = PBXBuildFile; fileRef = C2F8C5C92A1678EC00641719 /* EventTicketRowView.swift */; };
		C2F8C5CC2A1678F600641719 /* EventTicketDetailView.swift in Sources */ = {isa = PBXBuildFile; fileRef = C2F8C5CB2A1678F600641719 /* EventTicketDetailView.swift */; };
/* End PBXBuildFile section */

/* Begin PBXContainerItemProxy section */
		C27EF5E82A07C2BA000CA41F /* PBXContainerItemProxy */ = {
			isa = PBXContainerItemProxy;
			containerPortal = C27EF5CA2A07C2B8000CA41F /* Project object */;
			proxyType = 1;
			remoteGlobalIDString = C27EF5D12A07C2B8000CA41F;
			remoteInfo = Ceyehat;
		};
		C27EF5F22A07C2BA000CA41F /* PBXContainerItemProxy */ = {
			isa = PBXContainerItemProxy;
			containerPortal = C27EF5CA2A07C2B8000CA41F /* Project object */;
			proxyType = 1;
			remoteGlobalIDString = C27EF5D12A07C2B8000CA41F;
			remoteInfo = Ceyehat;
		};
/* End PBXContainerItemProxy section */

/* Begin PBXFileReference section */
		C200C22C2A0968EE00EE4BD0 /* Offer.swift */ = {isa = PBXFileReference; lastKnownFileType = sourcecode.swift; path = Offer.swift; sourceTree = "<group>"; };
		C200C22E2A09693E00EE4BD0 /* TravelTip.swift */ = {isa = PBXFileReference; lastKnownFileType = sourcecode.swift; path = TravelTip.swift; sourceTree = "<group>"; };
		C200C2302A0A4CB200EE4BD0 /* FeaturedCity.swift */ = {isa = PBXFileReference; lastKnownFileType = sourcecode.swift; path = FeaturedCity.swift; sourceTree = "<group>"; };
		C200C2342A0A661E00EE4BD0 /* MapView.swift */ = {isa = PBXFileReference; lastKnownFileType = sourcecode.swift; path = MapView.swift; sourceTree = "<group>"; };
		C200C2732A0BAAB700EE4BD0 /* Destination.swift */ = {isa = PBXFileReference; lastKnownFileType = sourcecode.swift; path = Destination.swift; sourceTree = "<group>"; };
		C200C2752A0BB29D00EE4BD0 /* SearchBarView.swift */ = {isa = PBXFileReference; lastKnownFileType = sourcecode.swift; path = SearchBarView.swift; sourceTree = "<group>"; };
		C200C2772A0BBBAA00EE4BD0 /* CityMapView.swift */ = {isa = PBXFileReference; lastKnownFileType = sourcecode.swift; path = CityMapView.swift; sourceTree = "<group>"; };
		C200C2792A0BBBE800EE4BD0 /* Cards.swift */ = {isa = PBXFileReference; lastKnownFileType = sourcecode.swift; path = Cards.swift; sourceTree = "<group>"; };
		C200C27B2A0C125300EE4BD0 /* Category.swift */ = {isa = PBXFileReference; lastKnownFileType = sourcecode.swift; path = Category.swift; sourceTree = "<group>"; };
		C200C2B92A0CC42800EE4BD0 /* CeyehatDebug.entitlements */ = {isa = PBXFileReference; lastKnownFileType = text.plist.entitlements; path = CeyehatDebug.entitlements; sourceTree = "<group>"; };
		C200C2BA2A0CC51200EE4BD0 /* Ceyehat.entitlements */ = {isa = PBXFileReference; lastKnownFileType = text.plist.entitlements; path = Ceyehat.entitlements; sourceTree = "<group>"; };
		C200C2F92A0CD85800EE4BD0 /* LocationDataManager.swift */ = {isa = PBXFileReference; lastKnownFileType = sourcecode.swift; path = LocationDataManager.swift; sourceTree = "<group>"; };
		C200C2FB2A0CD8B300EE4BD0 /* Info.plist */ = {isa = PBXFileReference; lastKnownFileType = text.plist; path = Info.plist; sourceTree = "<group>"; };
		C200C2FC2A0CE2AC00EE4BD0 /* WeatherKitManager.swift */ = {isa = PBXFileReference; lastKnownFileType = sourcecode.swift; path = WeatherKitManager.swift; sourceTree = "<group>"; };
		C24728EE2A27F4A000FEE628 /* ActionButtonView.swift */ = {isa = PBXFileReference; lastKnownFileType = sourcecode.swift; path = ActionButtonView.swift; sourceTree = "<group>"; };
		C24A572E2A119413006DC7EB /* Service.swift */ = {isa = PBXFileReference; lastKnownFileType = sourcecode.swift; path = Service.swift; sourceTree = "<group>"; };
		C24A57352A11958B006DC7EB /* ServiceRowView.swift */ = {isa = PBXFileReference; lastKnownFileType = sourcecode.swift; path = ServiceRowView.swift; sourceTree = "<group>"; };
		C25C9D172A1EA89D00365BA2 /* AccountSettingsView.swift */ = {isa = PBXFileReference; lastKnownFileType = sourcecode.swift; path = AccountSettingsView.swift; sourceTree = "<group>"; };
		C25C9D192A1EA8DF00365BA2 /* PrivacySettingsView.swift */ = {isa = PBXFileReference; lastKnownFileType = sourcecode.swift; path = PrivacySettingsView.swift; sourceTree = "<group>"; };
		C25C9D1B2A1EA91E00365BA2 /* NotificationSettingsView.swift */ = {isa = PBXFileReference; lastKnownFileType = sourcecode.swift; path = NotificationSettingsView.swift; sourceTree = "<group>"; };
		C25C9D1D2A1EA95800365BA2 /* TravelPreferencesView.swift */ = {isa = PBXFileReference; lastKnownFileType = sourcecode.swift; path = TravelPreferencesView.swift; sourceTree = "<group>"; };
		C25C9D1F2A1EA9AC00365BA2 /* SecuritySettingsView.swift */ = {isa = PBXFileReference; lastKnownFileType = sourcecode.swift; path = SecuritySettingsView.swift; sourceTree = "<group>"; };
		C25C9D212A1EAA3B00365BA2 /* PaymentSettingsView.swift */ = {isa = PBXFileReference; lastKnownFileType = sourcecode.swift; path = PaymentSettingsView.swift; sourceTree = "<group>"; };
		C25C9D3B2A1F5FF200365BA2 /* User.xcdatamodel */ = {isa = PBXFileReference; lastKnownFileType = wrapper.xcdatamodel; path = User.xcdatamodel; sourceTree = "<group>"; };
		C25C9D3D2A1F61AF00365BA2 /* ActivityController.swift */ = {isa = PBXFileReference; lastKnownFileType = sourcecode.swift; path = ActivityController.swift; sourceTree = "<group>"; };
		C25E76F72A090CF100E0D82A /* AdditionalServicesView.swift */ = {isa = PBXFileReference; fileEncoding = 4; lastKnownFileType = sourcecode.swift; path = AdditionalServicesView.swift; sourceTree = "<group>"; };
		C25E76FA2A090D0300E0D82A /* SeatButton.swift */ = {isa = PBXFileReference; fileEncoding = 4; lastKnownFileType = sourcecode.swift; path = SeatButton.swift; sourceTree = "<group>"; };
		C25E76FB2A090D0300E0D82A /* SeatGridView.swift */ = {isa = PBXFileReference; fileEncoding = 4; lastKnownFileType = sourcecode.swift; path = SeatGridView.swift; sourceTree = "<group>"; };
		C25E76FC2A090D0300E0D82A /* SeatSelectionView.swift */ = {isa = PBXFileReference; fileEncoding = 4; lastKnownFileType = sourcecode.swift; path = SeatSelectionView.swift; sourceTree = "<group>"; };
		C25E77012A090D1E00E0D82A /* AirportSelectionView.swift */ = {isa = PBXFileReference; fileEncoding = 4; lastKnownFileType = sourcecode.swift; path = AirportSelectionView.swift; sourceTree = "<group>"; };
		C25E77072A090D4F00E0D82A /* LoginView.swift */ = {isa = PBXFileReference; fileEncoding = 4; lastKnownFileType = sourcecode.swift; path = LoginView.swift; sourceTree = "<group>"; };
		C25E77082A090D4F00E0D82A /* RegisterView.swift */ = {isa = PBXFileReference; fileEncoding = 4; lastKnownFileType = sourcecode.swift; path = RegisterView.swift; sourceTree = "<group>"; };
		C25E770C2A090D6300E0D82A /* BoardingPassView.swift */ = {isa = PBXFileReference; fileEncoding = 4; lastKnownFileType = sourcecode.swift; path = BoardingPassView.swift; sourceTree = "<group>"; };
		C25E770F2A090D7000E0D82A /* BookingView.swift */ = {isa = PBXFileReference; fileEncoding = 4; lastKnownFileType = sourcecode.swift; path = BookingView.swift; sourceTree = "<group>"; };
		C25E77142A090D8A00E0D82A /* FlightSearchView.swift */ = {isa = PBXFileReference; fileEncoding = 4; lastKnownFileType = sourcecode.swift; path = FlightSearchView.swift; sourceTree = "<group>"; };
		C25E77152A090D8A00E0D82A /* FlightListView.swift */ = {isa = PBXFileReference; fileEncoding = 4; lastKnownFileType = sourcecode.swift; path = FlightListView.swift; sourceTree = "<group>"; };
		C25E77162A090D8A00E0D82A /* FlightPriceView.swift */ = {isa = PBXFileReference; fileEncoding = 4; lastKnownFileType = sourcecode.swift; path = FlightPriceView.swift; sourceTree = "<group>"; };
		C25E771A2A090D9F00E0D82A /* ExploreView.swift */ = {isa = PBXFileReference; fileEncoding = 4; lastKnownFileType = sourcecode.swift; path = ExploreView.swift; sourceTree = "<group>"; };
		C25E771C2A090DA400E0D82A /* WelcomeView.swift */ = {isa = PBXFileReference; lastKnownFileType = sourcecode.swift; path = WelcomeView.swift; sourceTree = "<group>"; };
		C25E771E2A090DA700E0D82A /* ProfileView.swift */ = {isa = PBXFileReference; lastKnownFileType = sourcecode.swift; path = ProfileView.swift; sourceTree = "<group>"; };
		C25E77202A090DA900E0D82A /* ServicesView.swift */ = {isa = PBXFileReference; lastKnownFileType = sourcecode.swift; path = ServicesView.swift; sourceTree = "<group>"; };
		C25E77232A090DCB00E0D82A /* PassengerDetailsView.swift */ = {isa = PBXFileReference; fileEncoding = 4; lastKnownFileType = sourcecode.swift; path = PassengerDetailsView.swift; sourceTree = "<group>"; };
		C25E77242A090DCB00E0D82A /* LoadingAlertView.swift */ = {isa = PBXFileReference; fileEncoding = 4; lastKnownFileType = sourcecode.swift; path = LoadingAlertView.swift; sourceTree = "<group>"; };
		C25E77252A090DCB00E0D82A /* PassengerRow.swift */ = {isa = PBXFileReference; fileEncoding = 4; lastKnownFileType = sourcecode.swift; path = PassengerRow.swift; sourceTree = "<group>"; };
		C25E77262A090DCB00E0D82A /* ShowPassengerDetailsView.swift */ = {isa = PBXFileReference; fileEncoding = 4; lastKnownFileType = sourcecode.swift; path = ShowPassengerDetailsView.swift; sourceTree = "<group>"; };
		C25E77272A090DCB00E0D82A /* AddPassengerView.swift */ = {isa = PBXFileReference; fileEncoding = 4; lastKnownFileType = sourcecode.swift; path = AddPassengerView.swift; sourceTree = "<group>"; };
		C25E772D2A090DDB00E0D82A /* PaymentsView.swift */ = {isa = PBXFileReference; fileEncoding = 4; lastKnownFileType = sourcecode.swift; path = PaymentsView.swift; sourceTree = "<group>"; };
		C25E772F2A090DE200E0D82A /* TicketView.swift */ = {isa = PBXFileReference; lastKnownFileType = sourcecode.swift; path = TicketView.swift; sourceTree = "<group>"; };
		C25E77312A090ECE00E0D82A /* HomeView.swift */ = {isa = PBXFileReference; lastKnownFileType = sourcecode.swift; path = HomeView.swift; sourceTree = "<group>"; };
		C2723B3D2A14B34100B54DB0 /* FlightAirportPicker.swift */ = {isa = PBXFileReference; lastKnownFileType = sourcecode.swift; path = FlightAirportPicker.swift; sourceTree = "<group>"; };
		C27EF5D22A07C2B8000CA41F /* Ceyehat.app */ = {isa = PBXFileReference; explicitFileType = wrapper.application; includeInIndex = 0; path = Ceyehat.app; sourceTree = BUILT_PRODUCTS_DIR; };
		C27EF5D52A07C2B8000CA41F /* CeyehatApp.swift */ = {isa = PBXFileReference; lastKnownFileType = sourcecode.swift; path = CeyehatApp.swift; sourceTree = "<group>"; };
		C27EF5D92A07C2BA000CA41F /* Assets.xcassets */ = {isa = PBXFileReference; lastKnownFileType = folder.assetcatalog; path = Assets.xcassets; sourceTree = "<group>"; };
		C27EF5DC2A07C2BA000CA41F /* Preview Assets.xcassets */ = {isa = PBXFileReference; lastKnownFileType = folder.assetcatalog; path = "Preview Assets.xcassets"; sourceTree = "<group>"; };
		C27EF5DE2A07C2BA000CA41F /* Persistence.swift */ = {isa = PBXFileReference; lastKnownFileType = sourcecode.swift; path = Persistence.swift; sourceTree = "<group>"; };
		C27EF5E12A07C2BA000CA41F /* Ceyehat.xcdatamodel */ = {isa = PBXFileReference; lastKnownFileType = wrapper.xcdatamodel; path = Ceyehat.xcdatamodel; sourceTree = "<group>"; };
		C27EF5E72A07C2BA000CA41F /* CeyehatTests.xctest */ = {isa = PBXFileReference; explicitFileType = wrapper.cfbundle; includeInIndex = 0; path = CeyehatTests.xctest; sourceTree = BUILT_PRODUCTS_DIR; };
		C27EF5F12A07C2BA000CA41F /* CeyehatUITests.xctest */ = {isa = PBXFileReference; explicitFileType = wrapper.cfbundle; includeInIndex = 0; path = CeyehatUITests.xctest; sourceTree = BUILT_PRODUCTS_DIR; };
		C27EF5F52A07C2BA000CA41F /* CeyehatUITests.swift */ = {isa = PBXFileReference; lastKnownFileType = sourcecode.swift; path = CeyehatUITests.swift; sourceTree = "<group>"; };
		C27EF5F72A07C2BA000CA41F /* CeyehatUITestsLaunchTests.swift */ = {isa = PBXFileReference; lastKnownFileType = sourcecode.swift; path = CeyehatUITestsLaunchTests.swift; sourceTree = "<group>"; };
		C27EF6192A07CBC6000CA41F /* Flight.swift */ = {isa = PBXFileReference; lastKnownFileType = sourcecode.swift; path = Flight.swift; sourceTree = "<group>"; };
		C27EF61F2A07CDF7000CA41F /* Formatters.swift */ = {isa = PBXFileReference; lastKnownFileType = sourcecode.swift; path = Formatters.swift; sourceTree = "<group>"; };
		C27EF6222A07D3B8000CA41F /* Airport.swift */ = {isa = PBXFileReference; lastKnownFileType = sourcecode.swift; path = Airport.swift; sourceTree = "<group>"; };
		C27EF6272A07D68C000CA41F /* FlightSearch.swift */ = {isa = PBXFileReference; lastKnownFileType = sourcecode.swift; path = FlightSearch.swift; sourceTree = "<group>"; };
		C27EF62D2A07D813000CA41F /* FlightViewModel.swift */ = {isa = PBXFileReference; lastKnownFileType = sourcecode.swift; path = FlightViewModel.swift; sourceTree = "<group>"; };
		C27EF6302A07D843000CA41F /* Seat.swift */ = {isa = PBXFileReference; lastKnownFileType = sourcecode.swift; path = Seat.swift; sourceTree = "<group>"; };
		C27EF6382A07DA4D000CA41F /* Passenger.swift */ = {isa = PBXFileReference; lastKnownFileType = sourcecode.swift; path = Passenger.swift; sourceTree = "<group>"; };
		C27EF63B2A07DA68000CA41F /* Enums.swift */ = {isa = PBXFileReference; lastKnownFileType = sourcecode.swift; path = Enums.swift; sourceTree = "<group>"; };
		C27EF6452A07DDA7000CA41F /* Token.swift */ = {isa = PBXFileReference; lastKnownFileType = sourcecode.swift; path = Token.swift; sourceTree = "<group>"; };
		C27EF64A2A07DE5F000CA41F /* UserAuth.swift */ = {isa = PBXFileReference; lastKnownFileType = sourcecode.swift; path = UserAuth.swift; sourceTree = "<group>"; };
		C27EF64F2A07F2C6000CA41F /* AuthenticationRequests.swift */ = {isa = PBXFileReference; lastKnownFileType = sourcecode.swift; path = AuthenticationRequests.swift; sourceTree = "<group>"; };
		C27EF6542A07FA6C000CA41F /* Ticket.swift */ = {isa = PBXFileReference; lastKnownFileType = sourcecode.swift; path = Ticket.swift; sourceTree = "<group>"; };
		C27EF6592A07FDDE000CA41F /* FlightTicket.swift */ = {isa = PBXFileReference; lastKnownFileType = sourcecode.swift; path = FlightTicket.swift; sourceTree = "<group>"; };
		C27EF65F2A0806B0000CA41F /* BaseApiClient.swift */ = {isa = PBXFileReference; lastKnownFileType = sourcecode.swift; path = BaseApiClient.swift; sourceTree = "<group>"; };
		C27EF6682A0807B9000CA41F /* FlightApiClient.swift */ = {isa = PBXFileReference; lastKnownFileType = sourcecode.swift; path = FlightApiClient.swift; sourceTree = "<group>"; };
		C27EF66B2A080871000CA41F /* ApiEndpoints.swift */ = {isa = PBXFileReference; lastKnownFileType = sourcecode.swift; path = ApiEndpoints.swift; sourceTree = "<group>"; };
		C27EF6702A0821B8000CA41F /* AirportApiClient.swift */ = {isa = PBXFileReference; lastKnownFileType = sourcecode.swift; path = AirportApiClient.swift; sourceTree = "<group>"; };
		C27EF6732A08223B000CA41F /* AuthApiClient.swift */ = {isa = PBXFileReference; lastKnownFileType = sourcecode.swift; path = AuthApiClient.swift; sourceTree = "<group>"; };
		C27EF6762A082272000CA41F /* PassengerApiClient.swift */ = {isa = PBXFileReference; lastKnownFileType = sourcecode.swift; path = PassengerApiClient.swift; sourceTree = "<group>"; };
		C27EF6792A082369000CA41F /* SeatApiClient.swift */ = {isa = PBXFileReference; lastKnownFileType = sourcecode.swift; path = SeatApiClient.swift; sourceTree = "<group>"; };
		C27EF67C2A0823B9000CA41F /* TicketFlightApiClient.swift */ = {isa = PBXFileReference; lastKnownFileType = sourcecode.swift; path = TicketFlightApiClient.swift; sourceTree = "<group>"; };
		C27EF67F2A086049000CA41F /* AirportViewModel.swift */ = {isa = PBXFileReference; lastKnownFileType = sourcecode.swift; path = AirportViewModel.swift; sourceTree = "<group>"; };
		C27EF6822A0860C7000CA41F /* LoginViewModel.swift */ = {isa = PBXFileReference; lastKnownFileType = sourcecode.swift; path = LoginViewModel.swift; sourceTree = "<group>"; };
		C27EF6852A0860D5000CA41F /* RegisterViewModel.swift */ = {isa = PBXFileReference; lastKnownFileType = sourcecode.swift; path = RegisterViewModel.swift; sourceTree = "<group>"; };
		C27EF6882A086179000CA41F /* CheckinViewModel.swift */ = {isa = PBXFileReference; lastKnownFileType = sourcecode.swift; path = CheckinViewModel.swift; sourceTree = "<group>"; };
		C27EF68B2A08618E000CA41F /* PassengerViewModel.swift */ = {isa = PBXFileReference; lastKnownFileType = sourcecode.swift; path = PassengerViewModel.swift; sourceTree = "<group>"; };
		C27EF68E2A086219000CA41F /* TicketViewModel.swift */ = {isa = PBXFileReference; lastKnownFileType = sourcecode.swift; path = TicketViewModel.swift; sourceTree = "<group>"; };
		C27EF6912A086277000CA41F /* SeatViewModel.swift */ = {isa = PBXFileReference; lastKnownFileType = sourcecode.swift; path = SeatViewModel.swift; sourceTree = "<group>"; };
		C28CE4022A2BED2400A3224F /* FlightTicketsView.swift */ = {isa = PBXFileReference; lastKnownFileType = sourcecode.swift; path = FlightTicketsView.swift; sourceTree = "<group>"; };
		C28CE4062A2CEFA600A3224F /* FlightSegment.swift */ = {isa = PBXFileReference; lastKnownFileType = sourcecode.swift; path = FlightSegment.swift; sourceTree = "<group>"; };
		C28CE4082A2CEFC800A3224F /* FlightSegmentSectionHeader.swift */ = {isa = PBXFileReference; lastKnownFileType = sourcecode.swift; path = FlightSegmentSectionHeader.swift; sourceTree = "<group>"; };
		C28CE40A2A2CF06300A3224F /* FlightLegRowHeader.swift */ = {isa = PBXFileReference; lastKnownFileType = sourcecode.swift; path = FlightLegRowHeader.swift; sourceTree = "<group>"; };
		C28CE40C2A2CF0A400A3224F /* FlightLegRowFooter.swift */ = {isa = PBXFileReference; lastKnownFileType = sourcecode.swift; path = FlightLegRowFooter.swift; sourceTree = "<group>"; };
		C28CE40E2A2CF12900A3224F /* FlightItinaryList.swift */ = {isa = PBXFileReference; lastKnownFileType = sourcecode.swift; path = FlightItinaryList.swift; sourceTree = "<group>"; };
		C28CE4102A2DE61F00A3224F /* BookingRowSectionHeader.swift */ = {isa = PBXFileReference; lastKnownFileType = sourcecode.swift; path = BookingRowSectionHeader.swift; sourceTree = "<group>"; };
		C28CE4122A2DE7FC00A3224F /* BookingsList.swift */ = {isa = PBXFileReference; lastKnownFileType = sourcecode.swift; path = BookingsList.swift; sourceTree = "<group>"; };
		C28CE4142A2DED7200A3224F /* BookingFooter.swift */ = {isa = PBXFileReference; lastKnownFileType = sourcecode.swift; path = BookingFooter.swift; sourceTree = "<group>"; };
		C28E2C072A11896100DCBE70 /* AirportRowView.swift */ = {isa = PBXFileReference; lastKnownFileType = sourcecode.swift; path = AirportRowView.swift; sourceTree = "<group>"; };
		C2AE4C3A2A0CF62700B26C22 /* CheckinView.swift */ = {isa = PBXFileReference; lastKnownFileType = sourcecode.swift; path = CheckinView.swift; sourceTree = "<group>"; };
		C2B35E462A1CCFD50074F69D /* User.swift */ = {isa = PBXFileReference; lastKnownFileType = sourcecode.swift; path = User.swift; sourceTree = "<group>"; };
		C2CC242E2A2AA42E00CA8079 /* KeychainWrapper.swift */ = {isa = PBXFileReference; lastKnownFileType = sourcecode.swift; path = KeychainWrapper.swift; sourceTree = "<group>"; };
		C2CC24882A2AA70F00CA8079 /* CeyehatTest.swift */ = {isa = PBXFileReference; lastKnownFileType = sourcecode.swift; path = CeyehatTest.swift; sourceTree = "<group>"; };
		C2CC248A2A2AAA5800CA8079 /* Booking.swift */ = {isa = PBXFileReference; lastKnownFileType = sourcecode.swift; path = Booking.swift; sourceTree = "<group>"; };
		C2CC248D2A2AB52A00CA8079 /* BookingsView.swift */ = {isa = PBXFileReference; lastKnownFileType = sourcecode.swift; path = BookingsView.swift; sourceTree = "<group>"; };
		C2CC24942A2B510600CA8079 /* BookingBody.swift */ = {isa = PBXFileReference; lastKnownFileType = sourcecode.swift; path = BookingBody.swift; sourceTree = "<group>"; };
		C2F0A7662A117F71009D73D6 /* FlightTypePicker.swift */ = {isa = PBXFileReference; lastKnownFileType = sourcecode.swift; path = FlightTypePicker.swift; sourceTree = "<group>"; };
		C2F0A7682A117FBC009D73D6 /* FlightType.swift */ = {isa = PBXFileReference; lastKnownFileType = sourcecode.swift; path = FlightType.swift; sourceTree = "<group>"; };
		C2F8C5832A155AAD00641719 /* CombinedDatePicker.swift */ = {isa = PBXFileReference; lastKnownFileType = sourcecode.swift; path = CombinedDatePicker.swift; sourceTree = "<group>"; };
		C2F8C5852A155D0C00641719 /* PassengerCountView.swift */ = {isa = PBXFileReference; lastKnownFileType = sourcecode.swift; path = PassengerCountView.swift; sourceTree = "<group>"; };
		C2F8C5882A16150400641719 /* Hotel.swift */ = {isa = PBXFileReference; lastKnownFileType = sourcecode.swift; path = Hotel.swift; sourceTree = "<group>"; };
		C2F8C58D2A16158000641719 /* HotelReservationView.swift */ = {isa = PBXFileReference; lastKnownFileType = sourcecode.swift; path = HotelReservationView.swift; sourceTree = "<group>"; };
		C2F8C58F2A161AB300641719 /* Car.swift */ = {isa = PBXFileReference; lastKnownFileType = sourcecode.swift; path = Car.swift; sourceTree = "<group>"; };
		C2F8C5912A161B0300641719 /* CarRentalView.swift */ = {isa = PBXFileReference; lastKnownFileType = sourcecode.swift; path = CarRentalView.swift; sourceTree = "<group>"; };
		C2F8C5942A161B9800641719 /* CarCard.swift */ = {isa = PBXFileReference; lastKnownFileType = sourcecode.swift; path = CarCard.swift; sourceTree = "<group>"; };
		C2F8C5962A161DB600641719 /* Taxi.swift */ = {isa = PBXFileReference; lastKnownFileType = sourcecode.swift; path = Taxi.swift; sourceTree = "<group>"; };
		C2F8C5992A161DE600641719 /* TaxiCallView.swift */ = {isa = PBXFileReference; lastKnownFileType = sourcecode.swift; path = TaxiCallView.swift; sourceTree = "<group>"; };
		C2F8C59B2A1671B900641719 /* Tour.swift */ = {isa = PBXFileReference; lastKnownFileType = sourcecode.swift; path = Tour.swift; sourceTree = "<group>"; };
		C2F8C59E2A16728D00641719 /* TourOrganizerView.swift */ = {isa = PBXFileReference; lastKnownFileType = sourcecode.swift; path = TourOrganizerView.swift; sourceTree = "<group>"; };
		C2F8C5A22A1672C400641719 /* TourDetailView.swift */ = {isa = PBXFileReference; lastKnownFileType = sourcecode.swift; path = TourDetailView.swift; sourceTree = "<group>"; };
		C2F8C5A42A1672CE00641719 /* TourRowView.swift */ = {isa = PBXFileReference; lastKnownFileType = sourcecode.swift; path = TourRowView.swift; sourceTree = "<group>"; };
		C2F8C5A62A16741C00641719 /* TrainTicket.swift */ = {isa = PBXFileReference; lastKnownFileType = sourcecode.swift; path = TrainTicket.swift; sourceTree = "<group>"; };
		C2F8C5A92A16744C00641719 /* TrainTicketView.swift */ = {isa = PBXFileReference; lastKnownFileType = sourcecode.swift; path = TrainTicketView.swift; sourceTree = "<group>"; };
		C2F8C5AC2A16747400641719 /* TrainTicketRowView.swift */ = {isa = PBXFileReference; lastKnownFileType = sourcecode.swift; path = TrainTicketRowView.swift; sourceTree = "<group>"; };
		C2F8C5AE2A1674A700641719 /* TrainTicketDetailView.swift */ = {isa = PBXFileReference; lastKnownFileType = sourcecode.swift; path = TrainTicketDetailView.swift; sourceTree = "<group>"; };
		C2F8C5B22A16765F00641719 /* FoodService.swift */ = {isa = PBXFileReference; lastKnownFileType = sourcecode.swift; path = FoodService.swift; sourceTree = "<group>"; };
		C2F8C5B52A16769500641719 /* FoodServiceView.swift */ = {isa = PBXFileReference; lastKnownFileType = sourcecode.swift; path = FoodServiceView.swift; sourceTree = "<group>"; };
		C2F8C5B72A1676A000641719 /* FoodServiceRowView.swift */ = {isa = PBXFileReference; lastKnownFileType = sourcecode.swift; path = FoodServiceRowView.swift; sourceTree = "<group>"; };
		C2F8C5B92A1676AB00641719 /* FoodServiceDetailView.swift */ = {isa = PBXFileReference; lastKnownFileType = sourcecode.swift; path = FoodServiceDetailView.swift; sourceTree = "<group>"; };
		C2F8C5BB2A1677A000641719 /* TourGuide.swift */ = {isa = PBXFileReference; lastKnownFileType = sourcecode.swift; path = TourGuide.swift; sourceTree = "<group>"; };
		C2F8C5BE2A1677F900641719 /* TourGuideView.swift */ = {isa = PBXFileReference; lastKnownFileType = sourcecode.swift; path = TourGuideView.swift; sourceTree = "<group>"; };
		C2F8C5C02A16780E00641719 /* TourGuideDetailView.swift */ = {isa = PBXFileReference; lastKnownFileType = sourcecode.swift; path = TourGuideDetailView.swift; sourceTree = "<group>"; };
		C2F8C5C42A1678C300641719 /* EventTicket.swift */ = {isa = PBXFileReference; lastKnownFileType = sourcecode.swift; path = EventTicket.swift; sourceTree = "<group>"; };
		C2F8C5C72A1678E400641719 /* EventTicketView.swift */ = {isa = PBXFileReference; lastKnownFileType = sourcecode.swift; path = EventTicketView.swift; sourceTree = "<group>"; };
		C2F8C5C92A1678EC00641719 /* EventTicketRowView.swift */ = {isa = PBXFileReference; lastKnownFileType = sourcecode.swift; path = EventTicketRowView.swift; sourceTree = "<group>"; };
		C2F8C5CB2A1678F600641719 /* EventTicketDetailView.swift */ = {isa = PBXFileReference; lastKnownFileType = sourcecode.swift; path = EventTicketDetailView.swift; sourceTree = "<group>"; };
/* End PBXFileReference section */

/* Begin PBXFrameworksBuildPhase section */
		C27EF5CF2A07C2B8000CA41F /* Frameworks */ = {
			isa = PBXFrameworksBuildPhase;
			buildActionMask = 2147483647;
			files = (
			);
			runOnlyForDeploymentPostprocessing = 0;
		};
		C27EF5E42A07C2BA000CA41F /* Frameworks */ = {
			isa = PBXFrameworksBuildPhase;
			buildActionMask = 2147483647;
			files = (
			);
			runOnlyForDeploymentPostprocessing = 0;
		};
		C27EF5EE2A07C2BA000CA41F /* Frameworks */ = {
			isa = PBXFrameworksBuildPhase;
			buildActionMask = 2147483647;
			files = (
			);
			runOnlyForDeploymentPostprocessing = 0;
		};
/* End PBXFrameworksBuildPhase section */

/* Begin PBXGroup section */
		C200C2722A0B9FDF00EE4BD0 /* Explore */ = {
			isa = PBXGroup;
			children = (
				C25E771A2A090D9F00E0D82A /* ExploreView.swift */,
				C200C2792A0BBBE800EE4BD0 /* Cards.swift */,
			);
			path = Explore;
			sourceTree = "<group>";
		};
		C24A57302A11954C006DC7EB /* Services */ = {
			isa = PBXGroup;
			children = (
				C2F8C5C62A1678CC00641719 /* Event Ticket */,
				C2F8C5BD2A1677EA00641719 /* Tour Guide */,
				C2F8C5B42A16767200641719 /* Food Service */,
				C2F8C5A82A16742A00641719 /* Train Ticket */,
				C2F8C59D2A16727300641719 /* Tour Organization */,
				C2F8C5982A161DDA00641719 /* Taxi */,
				C2F8C5932A161B7800641719 /* Car Rental */,
				C2F8C58A2A16154B00641719 /* Hotel */,
				C25E77202A090DA900E0D82A /* ServicesView.swift */,
				C24A57352A11958B006DC7EB /* ServiceRowView.swift */,
			);
			path = Services;
			sourceTree = "<group>";
		};
		C25C9D392A1F5FCA00365BA2 /* Database */ = {
			isa = PBXGroup;
			children = (
				C27EF5E02A07C2BA000CA41F /* Ceyehat.xcdatamodeld */,
				C25C9D3A2A1F5FF200365BA2 /* User.xcdatamodeld */,
				C25C9D3D2A1F61AF00365BA2 /* ActivityController.swift */,
			);
			path = Database;
			sourceTree = "<group>";
		};
		C25E76B82A0863B100E0D82A /* Shared Kernel */ = {
			isa = PBXGroup;
			children = (
				C27EF65F2A0806B0000CA41F /* BaseApiClient.swift */,
			);
			path = "Shared Kernel";
			sourceTree = "<group>";
		};
		C25E76B92A0863C000E0D82A /* Flight */ = {
			isa = PBXGroup;
			children = (
				C27EF6702A0821B8000CA41F /* AirportApiClient.swift */,
				C27EF6682A0807B9000CA41F /* FlightApiClient.swift */,
			);
			path = Flight;
			sourceTree = "<group>";
		};
		C25E76BA2A0863D600E0D82A /* Customer */ = {
			isa = PBXGroup;
			children = (
				C27EF6792A082369000CA41F /* SeatApiClient.swift */,
				C27EF67C2A0823B9000CA41F /* TicketFlightApiClient.swift */,
				C27EF6762A082272000CA41F /* PassengerApiClient.swift */,
			);
			path = Customer;
			sourceTree = "<group>";
		};
		C25E76BB2A0863E900E0D82A /* User */ = {
			isa = PBXGroup;
			children = (
				C27EF6732A08223B000CA41F /* AuthApiClient.swift */,
			);
			path = User;
			sourceTree = "<group>";
		};
		C25E76BC2A0863FC00E0D82A /* Flight */ = {
			isa = PBXGroup;
			children = (
				C27EF62D2A07D813000CA41F /* FlightViewModel.swift */,
				C27EF67F2A086049000CA41F /* AirportViewModel.swift */,
			);
			path = Flight;
			sourceTree = "<group>";
		};
		C25E76BD2A08640600E0D82A /* User */ = {
			isa = PBXGroup;
			children = (
				C27EF6822A0860C7000CA41F /* LoginViewModel.swift */,
				C27EF6852A0860D5000CA41F /* RegisterViewModel.swift */,
			);
			path = User;
			sourceTree = "<group>";
		};
		C25E76BE2A08641000E0D82A /* Customer */ = {
			isa = PBXGroup;
			children = (
				C27EF68B2A08618E000CA41F /* PassengerViewModel.swift */,
				C27EF6882A086179000CA41F /* CheckinViewModel.swift */,
				C27EF68E2A086219000CA41F /* TicketViewModel.swift */,
				C27EF6912A086277000CA41F /* SeatViewModel.swift */,
			);
			path = Customer;
			sourceTree = "<group>";
		};
		C25E76BF2A08642500E0D82A /* Flight */ = {
			isa = PBXGroup;
			children = (
				C27EF6192A07CBC6000CA41F /* Flight.swift */,
				C27EF6222A07D3B8000CA41F /* Airport.swift */,
				C27EF6272A07D68C000CA41F /* FlightSearch.swift */,
				C2F0A7682A117FBC009D73D6 /* FlightType.swift */,
				C28CE4062A2CEFA600A3224F /* FlightSegment.swift */,
			);
			path = Flight;
			sourceTree = "<group>";
		};
		C25E76C02A08643300E0D82A /* User */ = {
			isa = PBXGroup;
			children = (
				C2B35E462A1CCFD50074F69D /* User.swift */,
				C2CC248A2A2AAA5800CA8079 /* Booking.swift */,
				C27EF64A2A07DE5F000CA41F /* UserAuth.swift */,
				C27EF6452A07DDA7000CA41F /* Token.swift */,
				C27EF64F2A07F2C6000CA41F /* AuthenticationRequests.swift */,
			);
			path = User;
			sourceTree = "<group>";
		};
		C25E76C12A08644300E0D82A /* Customer */ = {
			isa = PBXGroup;
			children = (
				C27EF6382A07DA4D000CA41F /* Passenger.swift */,
				C27EF6302A07D843000CA41F /* Seat.swift */,
				C27EF6592A07FDDE000CA41F /* FlightTicket.swift */,
				C27EF6542A07FA6C000CA41F /* Ticket.swift */,
			);
			path = Customer;
			sourceTree = "<group>";
		};
		C25E76F52A090CCC00E0D82A /* Views */ = {
			isa = PBXGroup;
			children = (
				C24A57302A11954C006DC7EB /* Services */,
				C25E770B2A090D5C00E0D82A /* Boarding Pass */,
				C25E770E2A090D6A00E0D82A /* Booking */,
				C25E77112A090D7600E0D82A /* Checkin */,
				C25E77222A090DBB00E0D82A /* Passenger */,
				C200C2722A0B9FDF00EE4BD0 /* Explore */,
				C25E77052A090D3600E0D82A /* Flight */,
				C25E77042A090D3000E0D82A /* Customer */,
				C25E77032A090D2400E0D82A /* User */,
				C25E77002A090D1500E0D82A /* Airport */,
				C25E76F62A090CE500E0D82A /* Additional Services */,
				C25E77312A090ECE00E0D82A /* HomeView.swift */,
				C200C2752A0BB29D00EE4BD0 /* SearchBarView.swift */,
				C25E771C2A090DA400E0D82A /* WelcomeView.swift */,
				C24728EE2A27F4A000FEE628 /* ActionButtonView.swift */,
			);
			path = Views;
			sourceTree = "<group>";
		};
		C25E76F62A090CE500E0D82A /* Additional Services */ = {
			isa = PBXGroup;
			children = (
				C25E76F92A090CF700E0D82A /* Seat */,
				C25E76F72A090CF100E0D82A /* AdditionalServicesView.swift */,
			);
			path = "Additional Services";
			sourceTree = "<group>";
		};
		C25E76F92A090CF700E0D82A /* Seat */ = {
			isa = PBXGroup;
			children = (
				C25E76FA2A090D0300E0D82A /* SeatButton.swift */,
				C25E76FB2A090D0300E0D82A /* SeatGridView.swift */,
				C25E76FC2A090D0300E0D82A /* SeatSelectionView.swift */,
			);
			path = Seat;
			sourceTree = "<group>";
		};
		C25E77002A090D1500E0D82A /* Airport */ = {
			isa = PBXGroup;
			children = (
				C25E77012A090D1E00E0D82A /* AirportSelectionView.swift */,
				C28E2C072A11896100DCBE70 /* AirportRowView.swift */,
			);
			path = Airport;
			sourceTree = "<group>";
		};
		C25E77032A090D2400E0D82A /* User */ = {
			isa = PBXGroup;
			children = (
				C28E2C062A11876800DCBE70 /* Profile */,
				C25E77062A090D4700E0D82A /* Auth */,
			);
			path = User;
			sourceTree = "<group>";
		};
		C25E77042A090D3000E0D82A /* Customer */ = {
			isa = PBXGroup;
			children = (
				C25E772D2A090DDB00E0D82A /* PaymentsView.swift */,
				C25E772F2A090DE200E0D82A /* TicketView.swift */,
			);
			path = Customer;
			sourceTree = "<group>";
		};
		C25E77052A090D3600E0D82A /* Flight */ = {
			isa = PBXGroup;
			children = (
				C25E77152A090D8A00E0D82A /* FlightListView.swift */,
				C25E77162A090D8A00E0D82A /* FlightPriceView.swift */,
				C25E77142A090D8A00E0D82A /* FlightSearchView.swift */,
				C2F0A7662A117F71009D73D6 /* FlightTypePicker.swift */,
				C2723B3D2A14B34100B54DB0 /* FlightAirportPicker.swift */,
				C2F8C5832A155AAD00641719 /* CombinedDatePicker.swift */,
				C2F8C5852A155D0C00641719 /* PassengerCountView.swift */,
			);
			path = Flight;
			sourceTree = "<group>";
		};
		C25E77062A090D4700E0D82A /* Auth */ = {
			isa = PBXGroup;
			children = (
				C25E77072A090D4F00E0D82A /* LoginView.swift */,
				C25E77082A090D4F00E0D82A /* RegisterView.swift */,
			);
			path = Auth;
			sourceTree = "<group>";
		};
		C25E770B2A090D5C00E0D82A /* Boarding Pass */ = {
			isa = PBXGroup;
			children = (
				C25E770C2A090D6300E0D82A /* BoardingPassView.swift */,
			);
			path = "Boarding Pass";
			sourceTree = "<group>";
		};
		C25E770E2A090D6A00E0D82A /* Booking */ = {
			isa = PBXGroup;
			children = (
				C25E770F2A090D7000E0D82A /* BookingView.swift */,
			);
			path = Booking;
			sourceTree = "<group>";
		};
		C25E77112A090D7600E0D82A /* Checkin */ = {
			isa = PBXGroup;
			children = (
				C2AE4C3A2A0CF62700B26C22 /* CheckinView.swift */,
			);
			path = Checkin;
			sourceTree = "<group>";
		};
		C25E77222A090DBB00E0D82A /* Passenger */ = {
			isa = PBXGroup;
			children = (
				C25E77272A090DCB00E0D82A /* AddPassengerView.swift */,
				C25E77242A090DCB00E0D82A /* LoadingAlertView.swift */,
				C25E77232A090DCB00E0D82A /* PassengerDetailsView.swift */,
				C25E77252A090DCB00E0D82A /* PassengerRow.swift */,
				C25E77262A090DCB00E0D82A /* ShowPassengerDetailsView.swift */,
			);
			path = Passenger;
			sourceTree = "<group>";
		};
		C27EF5C92A07C2B8000CA41F = {
			isa = PBXGroup;
			children = (
				C27EF5D42A07C2B8000CA41F /* Ceyehat */,
				C27EF5EA2A07C2BA000CA41F /* CeyehatTests */,
				C27EF5F42A07C2BA000CA41F /* CeyehatUITests */,
				C27EF5D32A07C2B8000CA41F /* Products */,
			);
			sourceTree = "<group>";
		};
		C27EF5D32A07C2B8000CA41F /* Products */ = {
			isa = PBXGroup;
			children = (
				C27EF5D22A07C2B8000CA41F /* Ceyehat.app */,
				C27EF5E72A07C2BA000CA41F /* CeyehatTests.xctest */,
				C27EF5F12A07C2BA000CA41F /* CeyehatUITests.xctest */,
			);
			name = Products;
			sourceTree = "<group>";
		};
		C27EF5D42A07C2B8000CA41F /* Ceyehat */ = {
			isa = PBXGroup;
			children = (
				C200C2FB2A0CD8B300EE4BD0 /* Info.plist */,
				C200C2BA2A0CC51200EE4BD0 /* Ceyehat.entitlements */,
				C200C2B92A0CC42800EE4BD0 /* CeyehatDebug.entitlements */,
				C27EF65E2A080646000CA41F /* Services */,
				C27EF61E2A07CDE8000CA41F /* Utils */,
				C27EF6182A07CBB5000CA41F /* Models */,
				C27EF62C2A07D802000CA41F /* Controllers */,
				C25E76F52A090CCC00E0D82A /* Views */,
				C27EF5D52A07C2B8000CA41F /* CeyehatApp.swift */,
				C27EF5D92A07C2BA000CA41F /* Assets.xcassets */,
				C27EF5DE2A07C2BA000CA41F /* Persistence.swift */,
				C25C9D392A1F5FCA00365BA2 /* Database */,
				C27EF5DB2A07C2BA000CA41F /* Preview Content */,
			);
			path = Ceyehat;
			sourceTree = "<group>";
		};
		C27EF5DB2A07C2BA000CA41F /* Preview Content */ = {
			isa = PBXGroup;
			children = (
				C27EF5DC2A07C2BA000CA41F /* Preview Assets.xcassets */,
			);
			path = "Preview Content";
			sourceTree = "<group>";
		};
		C27EF5EA2A07C2BA000CA41F /* CeyehatTests */ = {
			isa = PBXGroup;
			children = (
				C2CC24882A2AA70F00CA8079 /* CeyehatTest.swift */,
			);
			path = CeyehatTests;
			sourceTree = "<group>";
		};
		C27EF5F42A07C2BA000CA41F /* CeyehatUITests */ = {
			isa = PBXGroup;
			children = (
				C27EF5F52A07C2BA000CA41F /* CeyehatUITests.swift */,
				C27EF5F72A07C2BA000CA41F /* CeyehatUITestsLaunchTests.swift */,
			);
			path = CeyehatUITests;
			sourceTree = "<group>";
		};
		C27EF6182A07CBB5000CA41F /* Models */ = {
			isa = PBXGroup;
			children = (
				C2F8C5872A1614F500641719 /* Service */,
				C25E76C12A08644300E0D82A /* Customer */,
				C25E76C02A08643300E0D82A /* User */,
				C25E76BF2A08642500E0D82A /* Flight */,
				C200C22C2A0968EE00EE4BD0 /* Offer.swift */,
				C200C22E2A09693E00EE4BD0 /* TravelTip.swift */,
				C200C2302A0A4CB200EE4BD0 /* FeaturedCity.swift */,
				C200C2732A0BAAB700EE4BD0 /* Destination.swift */,
				C200C27B2A0C125300EE4BD0 /* Category.swift */,
				C24A572E2A119413006DC7EB /* Service.swift */,
			);
			path = Models;
			sourceTree = "<group>";
		};
		C27EF61E2A07CDE8000CA41F /* Utils */ = {
			isa = PBXGroup;
			children = (
				C27EF61F2A07CDF7000CA41F /* Formatters.swift */,
				C27EF63B2A07DA68000CA41F /* Enums.swift */,
				C200C2772A0BBBAA00EE4BD0 /* CityMapView.swift */,
				C200C2342A0A661E00EE4BD0 /* MapView.swift */,
			);
			path = Utils;
			sourceTree = "<group>";
		};
		C27EF62C2A07D802000CA41F /* Controllers */ = {
			isa = PBXGroup;
			children = (
				C25E76BE2A08641000E0D82A /* Customer */,
				C25E76BD2A08640600E0D82A /* User */,
				C25E76BC2A0863FC00E0D82A /* Flight */,
			);
			path = Controllers;
			sourceTree = "<group>";
		};
		C27EF65E2A080646000CA41F /* Services */ = {
			isa = PBXGroup;
			children = (
				C25E76BB2A0863E900E0D82A /* User */,
				C25E76BA2A0863D600E0D82A /* Customer */,
				C25E76B92A0863C000E0D82A /* Flight */,
				C25E76B82A0863B100E0D82A /* Shared Kernel */,
				C27EF66B2A080871000CA41F /* ApiEndpoints.swift */,
				C200C2F92A0CD85800EE4BD0 /* LocationDataManager.swift */,
				C200C2FC2A0CE2AC00EE4BD0 /* WeatherKitManager.swift */,
				C2CC242E2A2AA42E00CA8079 /* KeychainWrapper.swift */,
			);
			path = Services;
			sourceTree = "<group>";
		};
		C28CE4012A2BE89E00A3224F /* FlightTicket */ = {
			isa = PBXGroup;
			children = (
				C28CE4022A2BED2400A3224F /* FlightTicketsView.swift */,
				C28CE4082A2CEFC800A3224F /* FlightSegmentSectionHeader.swift */,
				C28CE40A2A2CF06300A3224F /* FlightLegRowHeader.swift */,
				C28CE40C2A2CF0A400A3224F /* FlightLegRowFooter.swift */,
				C28CE40E2A2CF12900A3224F /* FlightItinaryList.swift */,
			);
			path = FlightTicket;
			sourceTree = "<group>";
		};
		C28E2C062A11876800DCBE70 /* Profile */ = {
			isa = PBXGroup;
			children = (
				C28CE4012A2BE89E00A3224F /* FlightTicket */,
				C2CC24912A2B50C600CA8079 /* Booking */,
				C25E771E2A090DA700E0D82A /* ProfileView.swift */,
				C25C9D172A1EA89D00365BA2 /* AccountSettingsView.swift */,
				C25C9D192A1EA8DF00365BA2 /* PrivacySettingsView.swift */,
				C25C9D1B2A1EA91E00365BA2 /* NotificationSettingsView.swift */,
				C25C9D1D2A1EA95800365BA2 /* TravelPreferencesView.swift */,
				C25C9D1F2A1EA9AC00365BA2 /* SecuritySettingsView.swift */,
				C25C9D212A1EAA3B00365BA2 /* PaymentSettingsView.swift */,
			);
			path = Profile;
			sourceTree = "<group>";
		};
		C2CC24912A2B50C600CA8079 /* Booking */ = {
			isa = PBXGroup;
			children = (
				C2CC248D2A2AB52A00CA8079 /* BookingsView.swift */,
				C2CC24942A2B510600CA8079 /* BookingBody.swift */,
				C28CE4102A2DE61F00A3224F /* BookingRowSectionHeader.swift */,
				C28CE4122A2DE7FC00A3224F /* BookingsList.swift */,
				C28CE4142A2DED7200A3224F /* BookingFooter.swift */,
			);
			path = Booking;
			sourceTree = "<group>";
		};
		C2F8C5872A1614F500641719 /* Service */ = {
			isa = PBXGroup;
			children = (
				C2F8C5882A16150400641719 /* Hotel.swift */,
				C2F8C58F2A161AB300641719 /* Car.swift */,
				C2F8C5962A161DB600641719 /* Taxi.swift */,
				C2F8C59B2A1671B900641719 /* Tour.swift */,
				C2F8C5A62A16741C00641719 /* TrainTicket.swift */,
				C2F8C5B22A16765F00641719 /* FoodService.swift */,
				C2F8C5BB2A1677A000641719 /* TourGuide.swift */,
				C2F8C5C42A1678C300641719 /* EventTicket.swift */,
			);
			path = Service;
			sourceTree = "<group>";
		};
		C2F8C58A2A16154B00641719 /* Hotel */ = {
			isa = PBXGroup;
			children = (
				C2F8C58D2A16158000641719 /* HotelReservationView.swift */,
			);
			path = Hotel;
			sourceTree = "<group>";
		};
		C2F8C5932A161B7800641719 /* Car Rental */ = {
			isa = PBXGroup;
			children = (
				C2F8C5912A161B0300641719 /* CarRentalView.swift */,
				C2F8C5942A161B9800641719 /* CarCard.swift */,
			);
			path = "Car Rental";
			sourceTree = "<group>";
		};
		C2F8C5982A161DDA00641719 /* Taxi */ = {
			isa = PBXGroup;
			children = (
				C2F8C5992A161DE600641719 /* TaxiCallView.swift */,
			);
			path = Taxi;
			sourceTree = "<group>";
		};
		C2F8C59D2A16727300641719 /* Tour Organization */ = {
			isa = PBXGroup;
			children = (
				C2F8C59E2A16728D00641719 /* TourOrganizerView.swift */,
				C2F8C5A22A1672C400641719 /* TourDetailView.swift */,
				C2F8C5A42A1672CE00641719 /* TourRowView.swift */,
			);
			path = "Tour Organization";
			sourceTree = "<group>";
		};
		C2F8C5A82A16742A00641719 /* Train Ticket */ = {
			isa = PBXGroup;
			children = (
				C2F8C5A92A16744C00641719 /* TrainTicketView.swift */,
				C2F8C5AC2A16747400641719 /* TrainTicketRowView.swift */,
				C2F8C5AE2A1674A700641719 /* TrainTicketDetailView.swift */,
			);
			path = "Train Ticket";
			sourceTree = "<group>";
		};
		C2F8C5B42A16767200641719 /* Food Service */ = {
			isa = PBXGroup;
			children = (
				C2F8C5B52A16769500641719 /* FoodServiceView.swift */,
				C2F8C5B72A1676A000641719 /* FoodServiceRowView.swift */,
				C2F8C5B92A1676AB00641719 /* FoodServiceDetailView.swift */,
			);
			path = "Food Service";
			sourceTree = "<group>";
		};
		C2F8C5BD2A1677EA00641719 /* Tour Guide */ = {
			isa = PBXGroup;
			children = (
				C2F8C5BE2A1677F900641719 /* TourGuideView.swift */,
				C2F8C5C02A16780E00641719 /* TourGuideDetailView.swift */,
			);
			path = "Tour Guide";
			sourceTree = "<group>";
		};
		C2F8C5C62A1678CC00641719 /* Event Ticket */ = {
			isa = PBXGroup;
			children = (
				C2F8C5C72A1678E400641719 /* EventTicketView.swift */,
				C2F8C5C92A1678EC00641719 /* EventTicketRowView.swift */,
				C2F8C5CB2A1678F600641719 /* EventTicketDetailView.swift */,
			);
			path = "Event Ticket";
			sourceTree = "<group>";
		};
/* End PBXGroup section */

/* Begin PBXNativeTarget section */
		C27EF5D12A07C2B8000CA41F /* Ceyehat */ = {
			isa = PBXNativeTarget;
			buildConfigurationList = C27EF5FB2A07C2BA000CA41F /* Build configuration list for PBXNativeTarget "Ceyehat" */;
			buildPhases = (
				C27EF5CE2A07C2B8000CA41F /* Sources */,
				C27EF5CF2A07C2B8000CA41F /* Frameworks */,
				C27EF5D02A07C2B8000CA41F /* Resources */,
			);
			buildRules = (
			);
			dependencies = (
			);
			name = Ceyehat;
			productName = Ceyehat;
			productReference = C27EF5D22A07C2B8000CA41F /* Ceyehat.app */;
			productType = "com.apple.product-type.application";
		};
		C27EF5E62A07C2BA000CA41F /* CeyehatTests */ = {
			isa = PBXNativeTarget;
			buildConfigurationList = C27EF5FE2A07C2BA000CA41F /* Build configuration list for PBXNativeTarget "CeyehatTests" */;
			buildPhases = (
				C27EF5E32A07C2BA000CA41F /* Sources */,
				C27EF5E42A07C2BA000CA41F /* Frameworks */,
				C27EF5E52A07C2BA000CA41F /* Resources */,
			);
			buildRules = (
			);
			dependencies = (
				C27EF5E92A07C2BA000CA41F /* PBXTargetDependency */,
			);
			name = CeyehatTests;
			productName = CeyehatTests;
			productReference = C27EF5E72A07C2BA000CA41F /* CeyehatTests.xctest */;
			productType = "com.apple.product-type.bundle.unit-test";
		};
		C27EF5F02A07C2BA000CA41F /* CeyehatUITests */ = {
			isa = PBXNativeTarget;
			buildConfigurationList = C27EF6012A07C2BA000CA41F /* Build configuration list for PBXNativeTarget "CeyehatUITests" */;
			buildPhases = (
				C27EF5ED2A07C2BA000CA41F /* Sources */,
				C27EF5EE2A07C2BA000CA41F /* Frameworks */,
				C27EF5EF2A07C2BA000CA41F /* Resources */,
			);
			buildRules = (
			);
			dependencies = (
				C27EF5F32A07C2BA000CA41F /* PBXTargetDependency */,
			);
			name = CeyehatUITests;
			productName = CeyehatUITests;
			productReference = C27EF5F12A07C2BA000CA41F /* CeyehatUITests.xctest */;
			productType = "com.apple.product-type.bundle.ui-testing";
		};
/* End PBXNativeTarget section */

/* Begin PBXProject section */
		C27EF5CA2A07C2B8000CA41F /* Project object */ = {
			isa = PBXProject;
			attributes = {
				BuildIndependentTargetsInParallel = 1;
				LastSwiftUpdateCheck = 1430;
				LastUpgradeCheck = 1430;
				TargetAttributes = {
					C27EF5D12A07C2B8000CA41F = {
						CreatedOnToolsVersion = 14.3;
					};
					C27EF5E62A07C2BA000CA41F = {
						CreatedOnToolsVersion = 14.3;
						TestTargetID = C27EF5D12A07C2B8000CA41F;
					};
					C27EF5F02A07C2BA000CA41F = {
						CreatedOnToolsVersion = 14.3;
						TestTargetID = C27EF5D12A07C2B8000CA41F;
					};
				};
			};
			buildConfigurationList = C27EF5CD2A07C2B8000CA41F /* Build configuration list for PBXProject "Ceyehat" */;
			compatibilityVersion = "Xcode 14.0";
			developmentRegion = en;
			hasScannedForEncodings = 0;
			knownRegions = (
				en,
				Base,
			);
			mainGroup = C27EF5C92A07C2B8000CA41F;
			productRefGroup = C27EF5D32A07C2B8000CA41F /* Products */;
			projectDirPath = "";
			projectRoot = "";
			targets = (
				C27EF5D12A07C2B8000CA41F /* Ceyehat */,
				C27EF5E62A07C2BA000CA41F /* CeyehatTests */,
				C27EF5F02A07C2BA000CA41F /* CeyehatUITests */,
			);
		};
/* End PBXProject section */

/* Begin PBXResourcesBuildPhase section */
		C27EF5D02A07C2B8000CA41F /* Resources */ = {
			isa = PBXResourcesBuildPhase;
			buildActionMask = 2147483647;
			files = (
				C27EF5DD2A07C2BA000CA41F /* Preview Assets.xcassets in Resources */,
				C27EF5DA2A07C2BA000CA41F /* Assets.xcassets in Resources */,
			);
			runOnlyForDeploymentPostprocessing = 0;
		};
		C27EF5E52A07C2BA000CA41F /* Resources */ = {
			isa = PBXResourcesBuildPhase;
			buildActionMask = 2147483647;
			files = (
			);
			runOnlyForDeploymentPostprocessing = 0;
		};
		C27EF5EF2A07C2BA000CA41F /* Resources */ = {
			isa = PBXResourcesBuildPhase;
			buildActionMask = 2147483647;
			files = (
			);
			runOnlyForDeploymentPostprocessing = 0;
		};
/* End PBXResourcesBuildPhase section */

/* Begin PBXSourcesBuildPhase section */
		C27EF5CE2A07C2B8000CA41F /* Sources */ = {
			isa = PBXSourcesBuildPhase;
			buildActionMask = 2147483647;
			files = (
				C27EF6892A086179000CA41F /* CheckinViewModel.swift in Sources */,
				C28CE4072A2CEFA600A3224F /* FlightSegment.swift in Sources */,
				C25E772A2A090DCB00E0D82A /* PassengerRow.swift in Sources */,
				C2F8C5BC2A1677A000641719 /* TourGuide.swift in Sources */,
				C28CE4032A2BED2400A3224F /* FlightTicketsView.swift in Sources */,
				C27EF61A2A07CBC6000CA41F /* Flight.swift in Sources */,
				C2F8C5862A155D0C00641719 /* PassengerCountView.swift in Sources */,
				C25E77292A090DCB00E0D82A /* LoadingAlertView.swift in Sources */,
				C2CC248B2A2AAA5800CA8079 /* Booking.swift in Sources */,
				C27EF6282A07D68C000CA41F /* FlightSearch.swift in Sources */,
				C2F8C5B82A1676A000641719 /* FoodServiceRowView.swift in Sources */,
				C27EF6742A08223B000CA41F /* AuthApiClient.swift in Sources */,
				C27EF6862A0860D5000CA41F /* RegisterViewModel.swift in Sources */,
				C27EF6502A07F2C6000CA41F /* AuthenticationRequests.swift in Sources */,
				C27EF6392A07DA4E000CA41F /* Passenger.swift in Sources */,
				C200C2762A0BB29D00EE4BD0 /* SearchBarView.swift in Sources */,
				C25E77302A090DE200E0D82A /* TicketView.swift in Sources */,
				C28E2C082A11896100DCBE70 /* AirportRowView.swift in Sources */,
				C2F8C5A72A16741C00641719 /* TrainTicket.swift in Sources */,
				C25E772B2A090DCB00E0D82A /* ShowPassengerDetailsView.swift in Sources */,
				C25E76FE2A090D0300E0D82A /* SeatGridView.swift in Sources */,
				C27EF6312A07D843000CA41F /* Seat.swift in Sources */,
				C27EF6802A086049000CA41F /* AirportViewModel.swift in Sources */,
				C2CC24952A2B510600CA8079 /* BookingBody.swift in Sources */,
				C27EF62E2A07D813000CA41F /* FlightViewModel.swift in Sources */,
				C25E77172A090D8A00E0D82A /* FlightSearchView.swift in Sources */,
				C28CE4152A2DED7200A3224F /* BookingFooter.swift in Sources */,
				C28CE40B2A2CF06400A3224F /* FlightLegRowHeader.swift in Sources */,
				C2F8C5B32A16765F00641719 /* FoodService.swift in Sources */,
				C2723B3E2A14B34100B54DB0 /* FlightAirportPicker.swift in Sources */,
				C25C9D1C2A1EA91E00365BA2 /* NotificationSettingsView.swift in Sources */,
				C27EF6692A0807B9000CA41F /* FlightApiClient.swift in Sources */,
				C25E77322A090ECE00E0D82A /* HomeView.swift in Sources */,
				C27EF5DF2A07C2BA000CA41F /* Persistence.swift in Sources */,
				C25C9D1E2A1EA95800365BA2 /* TravelPreferencesView.swift in Sources */,
				C27EF6462A07DDA7000CA41F /* Token.swift in Sources */,
				C2F8C5A32A1672C400641719 /* TourDetailView.swift in Sources */,
				C25E770A2A090D4F00E0D82A /* RegisterView.swift in Sources */,
				C27EF68F2A086219000CA41F /* TicketViewModel.swift in Sources */,
				C2F8C5CC2A1678F600641719 /* EventTicketDetailView.swift in Sources */,
				C25E770D2A090D6300E0D82A /* BoardingPassView.swift in Sources */,
				C24728EF2A27F4A000FEE628 /* ActionButtonView.swift in Sources */,
				C25E77092A090D4F00E0D82A /* LoginView.swift in Sources */,
				C25E77102A090D7000E0D82A /* BookingView.swift in Sources */,
				C25E772C2A090DCB00E0D82A /* AddPassengerView.swift in Sources */,
				C27EF6712A0821B8000CA41F /* AirportApiClient.swift in Sources */,
				C2F8C5842A155AAD00641719 /* CombinedDatePicker.swift in Sources */,
				C27EF64B2A07DE5F000CA41F /* UserAuth.swift in Sources */,
				C2F8C58E2A16158000641719 /* HotelReservationView.swift in Sources */,
				C28CE4112A2DE61F00A3224F /* BookingRowSectionHeader.swift in Sources */,
				C25C9D222A1EAA3B00365BA2 /* PaymentSettingsView.swift in Sources */,
				C2F8C5CA2A1678EC00641719 /* EventTicketRowView.swift in Sources */,
				C25E76F82A090CF100E0D82A /* AdditionalServicesView.swift in Sources */,
				C25E76FD2A090D0300E0D82A /* SeatButton.swift in Sources */,
				C200C22F2A09693E00EE4BD0 /* TravelTip.swift in Sources */,
				C27EF6602A0806B0000CA41F /* BaseApiClient.swift in Sources */,
				C200C2742A0BAAB700EE4BD0 /* Destination.swift in Sources */,
				C25C9D1A2A1EA8DF00365BA2 /* PrivacySettingsView.swift in Sources */,
				C25C9D202A1EA9AC00365BA2 /* SecuritySettingsView.swift in Sources */,
				C27EF6922A086277000CA41F /* SeatViewModel.swift in Sources */,
				C25C9D182A1EA89D00365BA2 /* AccountSettingsView.swift in Sources */,
				C27EF6832A0860C7000CA41F /* LoginViewModel.swift in Sources */,
				C27EF5D62A07C2B8000CA41F /* CeyehatApp.swift in Sources */,
				C200C22D2A0968EE00EE4BD0 /* Offer.swift in Sources */,
				C200C27A2A0BBBE800EE4BD0 /* Cards.swift in Sources */,
				C2F8C59F2A16728D00641719 /* TourOrganizerView.swift in Sources */,
				C2F8C5AA2A16744C00641719 /* TrainTicketView.swift in Sources */,
				C24A572F2A119413006DC7EB /* Service.swift in Sources */,
				C25E771B2A090D9F00E0D82A /* ExploreView.swift in Sources */,
				C2F8C5972A161DB600641719 /* Taxi.swift in Sources */,
				C27EF6772A082272000CA41F /* PassengerApiClient.swift in Sources */,
				C27EF6232A07D3B8000CA41F /* Airport.swift in Sources */,
				C27EF68C2A08618E000CA41F /* PassengerViewModel.swift in Sources */,
				C27EF67D2A0823B9000CA41F /* TicketFlightApiClient.swift in Sources */,
				C27EF6202A07CDF7000CA41F /* Formatters.swift in Sources */,
				C200C2352A0A661E00EE4BD0 /* MapView.swift in Sources */,
				C2F8C5922A161B0300641719 /* CarRentalView.swift in Sources */,
				C2F8C5C82A1678E400641719 /* EventTicketView.swift in Sources */,
				C200C2FA2A0CD85800EE4BD0 /* LocationDataManager.swift in Sources */,
				C2F8C5BF2A1677F900641719 /* TourGuideView.swift in Sources */,
				C24A57362A11958B006DC7EB /* ServiceRowView.swift in Sources */,
				C2F8C5AF2A1674A700641719 /* TrainTicketDetailView.swift in Sources */,
				C2F8C5B62A16769500641719 /* FoodServiceView.swift in Sources */,
				C2F0A7672A117F71009D73D6 /* FlightTypePicker.swift in Sources */,
				C2CC248E2A2AB52A00CA8079 /* BookingsView.swift in Sources */,
				C2F8C59A2A161DE600641719 /* TaxiCallView.swift in Sources */,
				C27EF63C2A07DA68000CA41F /* Enums.swift in Sources */,
				C27EF6552A07FA6C000CA41F /* Ticket.swift in Sources */,
				C2F8C5902A161AB300641719 /* Car.swift in Sources */,
				C2F8C5C12A16780E00641719 /* TourGuideDetailView.swift in Sources */,
				C27EF66C2A080871000CA41F /* ApiEndpoints.swift in Sources */,
				C2F8C59C2A1671B900641719 /* Tour.swift in Sources */,
				C25E76FF2A090D0300E0D82A /* SeatSelectionView.swift in Sources */,
				C25E772E2A090DDB00E0D82A /* PaymentsView.swift in Sources */,
				C25C9D3C2A1F5FF200365BA2 /* User.xcdatamodeld in Sources */,
				C25E771F2A090DA700E0D82A /* ProfileView.swift in Sources */,
				C2CC242F2A2AA42E00CA8079 /* KeychainWrapper.swift in Sources */,
				C2F8C5C52A1678C300641719 /* EventTicket.swift in Sources */,
				C2B35E472A1CCFD50074F69D /* User.swift in Sources */,
				C25E77212A090DA900E0D82A /* ServicesView.swift in Sources */,
				C27EF5E22A07C2BA000CA41F /* Ceyehat.xcdatamodeld in Sources */,
				C25E77182A090D8A00E0D82A /* FlightListView.swift in Sources */,
				C27EF65A2A07FDDE000CA41F /* FlightTicket.swift in Sources */,
				C27EF67A2A082369000CA41F /* SeatApiClient.swift in Sources */,
				C25E77192A090D8A00E0D82A /* FlightPriceView.swift in Sources */,
				C2F8C5A52A1672CE00641719 /* TourRowView.swift in Sources */,
				C28CE4132A2DE7FC00A3224F /* BookingsList.swift in Sources */,
				C2AE4C3B2A0CF62700B26C22 /* CheckinView.swift in Sources */,
				C25E77022A090D1E00E0D82A /* AirportSelectionView.swift in Sources */,
				C28CE40D2A2CF0A400A3224F /* FlightLegRowFooter.swift in Sources */,
				C25C9D3E2A1F61AF00365BA2 /* ActivityController.swift in Sources */,
				C2F8C5AD2A16747400641719 /* TrainTicketRowView.swift in Sources */,
				C25E77282A090DCB00E0D82A /* PassengerDetailsView.swift in Sources */,
				C2F8C5BA2A1676AB00641719 /* FoodServiceDetailView.swift in Sources */,
				C200C2312A0A4CB200EE4BD0 /* FeaturedCity.swift in Sources */,
				C2F0A7692A117FBC009D73D6 /* FlightType.swift in Sources */,
				C200C2782A0BBBAA00EE4BD0 /* CityMapView.swift in Sources */,
				C200C2FD2A0CE2AC00EE4BD0 /* WeatherKitManager.swift in Sources */,
				C28CE4092A2CEFC800A3224F /* FlightSegmentSectionHeader.swift in Sources */,
				C25E771D2A090DA400E0D82A /* WelcomeView.swift in Sources */,
				C200C27C2A0C125300EE4BD0 /* Category.swift in Sources */,
				C2F8C5952A161B9800641719 /* CarCard.swift in Sources */,
				C28CE40F2A2CF12900A3224F /* FlightItinaryList.swift in Sources */,
				C2F8C5892A16150400641719 /* Hotel.swift in Sources */,
			);
			runOnlyForDeploymentPostprocessing = 0;
		};
		C27EF5E32A07C2BA000CA41F /* Sources */ = {
			isa = PBXSourcesBuildPhase;
			buildActionMask = 2147483647;
			files = (
				C2CC24872A2AA68300CA8079 /* User.swift in Sources */,
				C2CC248C2A2AAA5800CA8079 /* Booking.swift in Sources */,
				C2CC24862A2AA67F00CA8079 /* KeychainWrapper.swift in Sources */,
				C2CC24892A2AA70F00CA8079 /* CeyehatTest.swift in Sources */,
			);
			runOnlyForDeploymentPostprocessing = 0;
		};
		C27EF5ED2A07C2BA000CA41F /* Sources */ = {
			isa = PBXSourcesBuildPhase;
			buildActionMask = 2147483647;
			files = (
				C27EF5F82A07C2BA000CA41F /* CeyehatUITestsLaunchTests.swift in Sources */,
				C27EF5F62A07C2BA000CA41F /* CeyehatUITests.swift in Sources */,
			);
			runOnlyForDeploymentPostprocessing = 0;
		};
/* End PBXSourcesBuildPhase section */

/* Begin PBXTargetDependency section */
		C27EF5E92A07C2BA000CA41F /* PBXTargetDependency */ = {
			isa = PBXTargetDependency;
			target = C27EF5D12A07C2B8000CA41F /* Ceyehat */;
			targetProxy = C27EF5E82A07C2BA000CA41F /* PBXContainerItemProxy */;
		};
		C27EF5F32A07C2BA000CA41F /* PBXTargetDependency */ = {
			isa = PBXTargetDependency;
			target = C27EF5D12A07C2B8000CA41F /* Ceyehat */;
			targetProxy = C27EF5F22A07C2BA000CA41F /* PBXContainerItemProxy */;
		};
/* End PBXTargetDependency section */

/* Begin XCBuildConfiguration section */
		C27EF5F92A07C2BA000CA41F /* Debug */ = {
			isa = XCBuildConfiguration;
			buildSettings = {
				ALWAYS_SEARCH_USER_PATHS = NO;
				CLANG_ANALYZER_NONNULL = YES;
				CLANG_ANALYZER_NUMBER_OBJECT_CONVERSION = YES_AGGRESSIVE;
				CLANG_CXX_LANGUAGE_STANDARD = "gnu++20";
				CLANG_ENABLE_MODULES = YES;
				CLANG_ENABLE_OBJC_ARC = YES;
				CLANG_ENABLE_OBJC_WEAK = YES;
				CLANG_WARN_BLOCK_CAPTURE_AUTORELEASING = YES;
				CLANG_WARN_BOOL_CONVERSION = YES;
				CLANG_WARN_COMMA = YES;
				CLANG_WARN_CONSTANT_CONVERSION = YES;
				CLANG_WARN_DEPRECATED_OBJC_IMPLEMENTATIONS = YES;
				CLANG_WARN_DIRECT_OBJC_ISA_USAGE = YES_ERROR;
				CLANG_WARN_DOCUMENTATION_COMMENTS = YES;
				CLANG_WARN_EMPTY_BODY = YES;
				CLANG_WARN_ENUM_CONVERSION = YES;
				CLANG_WARN_INFINITE_RECURSION = YES;
				CLANG_WARN_INT_CONVERSION = YES;
				CLANG_WARN_NON_LITERAL_NULL_CONVERSION = YES;
				CLANG_WARN_OBJC_IMPLICIT_RETAIN_SELF = YES;
				CLANG_WARN_OBJC_LITERAL_CONVERSION = YES;
				CLANG_WARN_OBJC_ROOT_CLASS = YES_ERROR;
				CLANG_WARN_QUOTED_INCLUDE_IN_FRAMEWORK_HEADER = YES;
				CLANG_WARN_RANGE_LOOP_ANALYSIS = YES;
				CLANG_WARN_STRICT_PROTOTYPES = YES;
				CLANG_WARN_SUSPICIOUS_MOVE = YES;
				CLANG_WARN_UNGUARDED_AVAILABILITY = YES_AGGRESSIVE;
				CLANG_WARN_UNREACHABLE_CODE = YES;
				CLANG_WARN__DUPLICATE_METHOD_MATCH = YES;
				COPY_PHASE_STRIP = NO;
				DEBUG_INFORMATION_FORMAT = dwarf;
				ENABLE_STRICT_OBJC_MSGSEND = YES;
				ENABLE_TESTABILITY = YES;
				GCC_C_LANGUAGE_STANDARD = gnu11;
				GCC_DYNAMIC_NO_PIC = NO;
				GCC_NO_COMMON_BLOCKS = YES;
				GCC_OPTIMIZATION_LEVEL = 0;
				GCC_PREPROCESSOR_DEFINITIONS = (
					"DEBUG=1",
					"$(inherited)",
				);
				GCC_WARN_64_TO_32_BIT_CONVERSION = YES;
				GCC_WARN_ABOUT_RETURN_TYPE = YES_ERROR;
				GCC_WARN_UNDECLARED_SELECTOR = YES;
				GCC_WARN_UNINITIALIZED_AUTOS = YES_AGGRESSIVE;
				GCC_WARN_UNUSED_FUNCTION = YES;
				GCC_WARN_UNUSED_VARIABLE = YES;
				IPHONEOS_DEPLOYMENT_TARGET = 16.4;
				MTL_ENABLE_DEBUG_INFO = INCLUDE_SOURCE;
				MTL_FAST_MATH = YES;
				ONLY_ACTIVE_ARCH = YES;
				SDKROOT = iphoneos;
				SWIFT_ACTIVE_COMPILATION_CONDITIONS = DEBUG;
				SWIFT_OPTIMIZATION_LEVEL = "-Onone";
			};
			name = Debug;
		};
		C27EF5FA2A07C2BA000CA41F /* Release */ = {
			isa = XCBuildConfiguration;
			buildSettings = {
				ALWAYS_SEARCH_USER_PATHS = NO;
				CLANG_ANALYZER_NONNULL = YES;
				CLANG_ANALYZER_NUMBER_OBJECT_CONVERSION = YES_AGGRESSIVE;
				CLANG_CXX_LANGUAGE_STANDARD = "gnu++20";
				CLANG_ENABLE_MODULES = YES;
				CLANG_ENABLE_OBJC_ARC = YES;
				CLANG_ENABLE_OBJC_WEAK = YES;
				CLANG_WARN_BLOCK_CAPTURE_AUTORELEASING = YES;
				CLANG_WARN_BOOL_CONVERSION = YES;
				CLANG_WARN_COMMA = YES;
				CLANG_WARN_CONSTANT_CONVERSION = YES;
				CLANG_WARN_DEPRECATED_OBJC_IMPLEMENTATIONS = YES;
				CLANG_WARN_DIRECT_OBJC_ISA_USAGE = YES_ERROR;
				CLANG_WARN_DOCUMENTATION_COMMENTS = YES;
				CLANG_WARN_EMPTY_BODY = YES;
				CLANG_WARN_ENUM_CONVERSION = YES;
				CLANG_WARN_INFINITE_RECURSION = YES;
				CLANG_WARN_INT_CONVERSION = YES;
				CLANG_WARN_NON_LITERAL_NULL_CONVERSION = YES;
				CLANG_WARN_OBJC_IMPLICIT_RETAIN_SELF = YES;
				CLANG_WARN_OBJC_LITERAL_CONVERSION = YES;
				CLANG_WARN_OBJC_ROOT_CLASS = YES_ERROR;
				CLANG_WARN_QUOTED_INCLUDE_IN_FRAMEWORK_HEADER = YES;
				CLANG_WARN_RANGE_LOOP_ANALYSIS = YES;
				CLANG_WARN_STRICT_PROTOTYPES = YES;
				CLANG_WARN_SUSPICIOUS_MOVE = YES;
				CLANG_WARN_UNGUARDED_AVAILABILITY = YES_AGGRESSIVE;
				CLANG_WARN_UNREACHABLE_CODE = YES;
				CLANG_WARN__DUPLICATE_METHOD_MATCH = YES;
				COPY_PHASE_STRIP = NO;
				DEBUG_INFORMATION_FORMAT = "dwarf-with-dsym";
				ENABLE_NS_ASSERTIONS = NO;
				ENABLE_STRICT_OBJC_MSGSEND = YES;
				GCC_C_LANGUAGE_STANDARD = gnu11;
				GCC_NO_COMMON_BLOCKS = YES;
				GCC_WARN_64_TO_32_BIT_CONVERSION = YES;
				GCC_WARN_ABOUT_RETURN_TYPE = YES_ERROR;
				GCC_WARN_UNDECLARED_SELECTOR = YES;
				GCC_WARN_UNINITIALIZED_AUTOS = YES_AGGRESSIVE;
				GCC_WARN_UNUSED_FUNCTION = YES;
				GCC_WARN_UNUSED_VARIABLE = YES;
				IPHONEOS_DEPLOYMENT_TARGET = 16.4;
				MTL_ENABLE_DEBUG_INFO = NO;
				MTL_FAST_MATH = YES;
				SDKROOT = iphoneos;
				SWIFT_COMPILATION_MODE = wholemodule;
				SWIFT_OPTIMIZATION_LEVEL = "-O";
				VALIDATE_PRODUCT = YES;
			};
			name = Release;
		};
		C27EF5FC2A07C2BA000CA41F /* Debug */ = {
			isa = XCBuildConfiguration;
			buildSettings = {
				ASSETCATALOG_COMPILER_APPICON_NAME = AppIcon;
				ASSETCATALOG_COMPILER_GLOBAL_ACCENT_COLOR_NAME = AccentColor;
				CODE_SIGN_ENTITLEMENTS = Ceyehat/CeyehatDebug.entitlements;
				CODE_SIGN_STYLE = Automatic;
				CURRENT_PROJECT_VERSION = 1;
				DEVELOPMENT_ASSET_PATHS = "\"Ceyehat/Preview Content\"";
				DEVELOPMENT_TEAM = G738ZC6QZV;
				ENABLE_PREVIEWS = YES;
				GENERATE_INFOPLIST_FILE = YES;
				INFOPLIST_FILE = Ceyehat/Info.plist;
				INFOPLIST_KEY_NSLocationWhenInUseUsageDescription = "Hava durumu bilgisi için konum bilgisi gerekmektedir. Konum bilgisi sadece uygulama açık iken kullanılacaktır.";
				INFOPLIST_KEY_UIApplicationSceneManifest_Generation = YES;
				INFOPLIST_KEY_UIApplicationSupportsIndirectInputEvents = YES;
				INFOPLIST_KEY_UILaunchScreen_Generation = YES;
				INFOPLIST_KEY_UISupportedInterfaceOrientations_iPad = "UIInterfaceOrientationPortrait UIInterfaceOrientationPortraitUpsideDown UIInterfaceOrientationLandscapeLeft UIInterfaceOrientationLandscapeRight";
				INFOPLIST_KEY_UISupportedInterfaceOrientations_iPhone = "UIInterfaceOrientationPortrait UIInterfaceOrientationLandscapeLeft UIInterfaceOrientationLandscapeRight";
				LD_RUNPATH_SEARCH_PATHS = (
					"$(inherited)",
					"@executable_path/Frameworks",
				);
				MARKETING_VERSION = 1.0;
				PRODUCT_BUNDLE_IDENTIFIER = ademclk.Ceyehat;
				PRODUCT_NAME = "$(TARGET_NAME)";
				SWIFT_EMIT_LOC_STRINGS = YES;
				SWIFT_VERSION = 5.0;
				TARGETED_DEVICE_FAMILY = "1,2";
			};
			name = Debug;
		};
		C27EF5FD2A07C2BA000CA41F /* Release */ = {
			isa = XCBuildConfiguration;
			buildSettings = {
				ASSETCATALOG_COMPILER_APPICON_NAME = AppIcon;
				ASSETCATALOG_COMPILER_GLOBAL_ACCENT_COLOR_NAME = AccentColor;
				CODE_SIGN_ENTITLEMENTS = Ceyehat/Ceyehat.entitlements;
				CODE_SIGN_STYLE = Automatic;
				CURRENT_PROJECT_VERSION = 1;
				DEVELOPMENT_ASSET_PATHS = "\"Ceyehat/Preview Content\"";
				DEVELOPMENT_TEAM = G738ZC6QZV;
				ENABLE_PREVIEWS = YES;
				GENERATE_INFOPLIST_FILE = YES;
				INFOPLIST_FILE = Ceyehat/Info.plist;
				INFOPLIST_KEY_NSLocationWhenInUseUsageDescription = "Hava durumu bilgisi için konum bilgisi gerekmektedir. Konum bilgisi sadece uygulama açık iken kullanılacaktır.";
				INFOPLIST_KEY_UIApplicationSceneManifest_Generation = YES;
				INFOPLIST_KEY_UIApplicationSupportsIndirectInputEvents = YES;
				INFOPLIST_KEY_UILaunchScreen_Generation = YES;
				INFOPLIST_KEY_UISupportedInterfaceOrientations_iPad = "UIInterfaceOrientationPortrait UIInterfaceOrientationPortraitUpsideDown UIInterfaceOrientationLandscapeLeft UIInterfaceOrientationLandscapeRight";
				INFOPLIST_KEY_UISupportedInterfaceOrientations_iPhone = "UIInterfaceOrientationPortrait UIInterfaceOrientationLandscapeLeft UIInterfaceOrientationLandscapeRight";
				LD_RUNPATH_SEARCH_PATHS = (
					"$(inherited)",
					"@executable_path/Frameworks",
				);
				MARKETING_VERSION = 1.0;
				PRODUCT_BUNDLE_IDENTIFIER = ademclk.Ceyehat;
				PRODUCT_NAME = "$(TARGET_NAME)";
				SWIFT_EMIT_LOC_STRINGS = YES;
				SWIFT_VERSION = 5.0;
				TARGETED_DEVICE_FAMILY = "1,2";
			};
			name = Release;
		};
		C27EF5FF2A07C2BA000CA41F /* Debug */ = {
			isa = XCBuildConfiguration;
			buildSettings = {
				ALWAYS_EMBED_SWIFT_STANDARD_LIBRARIES = YES;
				BUNDLE_LOADER = "$(TEST_HOST)";
				CODE_SIGN_STYLE = Automatic;
				CURRENT_PROJECT_VERSION = 1;
				DEVELOPMENT_TEAM = G738ZC6QZV;
				GENERATE_INFOPLIST_FILE = YES;
				IPHONEOS_DEPLOYMENT_TARGET = 16.4;
				MARKETING_VERSION = 1.0;
				PRODUCT_BUNDLE_IDENTIFIER = ademclk.CeyehatTests;
				PRODUCT_NAME = "$(TARGET_NAME)";
				SWIFT_EMIT_LOC_STRINGS = NO;
				SWIFT_VERSION = 5.0;
				TARGETED_DEVICE_FAMILY = "1,2";
				TEST_HOST = "$(BUILT_PRODUCTS_DIR)/Ceyehat.app/$(BUNDLE_EXECUTABLE_FOLDER_PATH)/Ceyehat";
			};
			name = Debug;
		};
		C27EF6002A07C2BA000CA41F /* Release */ = {
			isa = XCBuildConfiguration;
			buildSettings = {
				ALWAYS_EMBED_SWIFT_STANDARD_LIBRARIES = YES;
				BUNDLE_LOADER = "$(TEST_HOST)";
				CODE_SIGN_STYLE = Automatic;
				CURRENT_PROJECT_VERSION = 1;
				DEVELOPMENT_TEAM = G738ZC6QZV;
				GENERATE_INFOPLIST_FILE = YES;
				IPHONEOS_DEPLOYMENT_TARGET = 16.4;
				MARKETING_VERSION = 1.0;
				PRODUCT_BUNDLE_IDENTIFIER = ademclk.CeyehatTests;
				PRODUCT_NAME = "$(TARGET_NAME)";
				SWIFT_EMIT_LOC_STRINGS = NO;
				SWIFT_VERSION = 5.0;
				TARGETED_DEVICE_FAMILY = "1,2";
				TEST_HOST = "$(BUILT_PRODUCTS_DIR)/Ceyehat.app/$(BUNDLE_EXECUTABLE_FOLDER_PATH)/Ceyehat";
			};
			name = Release;
		};
		C27EF6022A07C2BA000CA41F /* Debug */ = {
			isa = XCBuildConfiguration;
			buildSettings = {
				ALWAYS_EMBED_SWIFT_STANDARD_LIBRARIES = YES;
				CODE_SIGN_STYLE = Automatic;
				CURRENT_PROJECT_VERSION = 1;
				DEVELOPMENT_TEAM = G738ZC6QZV;
				GENERATE_INFOPLIST_FILE = YES;
				MARKETING_VERSION = 1.0;
				PRODUCT_BUNDLE_IDENTIFIER = ademclk.CeyehatUITests;
				PRODUCT_NAME = "$(TARGET_NAME)";
				SWIFT_EMIT_LOC_STRINGS = NO;
				SWIFT_VERSION = 5.0;
				TARGETED_DEVICE_FAMILY = "1,2";
				TEST_TARGET_NAME = Ceyehat;
			};
			name = Debug;
		};
		C27EF6032A07C2BA000CA41F /* Release */ = {
			isa = XCBuildConfiguration;
			buildSettings = {
				ALWAYS_EMBED_SWIFT_STANDARD_LIBRARIES = YES;
				CODE_SIGN_STYLE = Automatic;
				CURRENT_PROJECT_VERSION = 1;
				DEVELOPMENT_TEAM = G738ZC6QZV;
				GENERATE_INFOPLIST_FILE = YES;
				MARKETING_VERSION = 1.0;
				PRODUCT_BUNDLE_IDENTIFIER = ademclk.CeyehatUITests;
				PRODUCT_NAME = "$(TARGET_NAME)";
				SWIFT_EMIT_LOC_STRINGS = NO;
				SWIFT_VERSION = 5.0;
				TARGETED_DEVICE_FAMILY = "1,2";
				TEST_TARGET_NAME = Ceyehat;
			};
			name = Release;
		};
/* End XCBuildConfiguration section */

/* Begin XCConfigurationList section */
		C27EF5CD2A07C2B8000CA41F /* Build configuration list for PBXProject "Ceyehat" */ = {
			isa = XCConfigurationList;
			buildConfigurations = (
				C27EF5F92A07C2BA000CA41F /* Debug */,
				C27EF5FA2A07C2BA000CA41F /* Release */,
			);
			defaultConfigurationIsVisible = 0;
			defaultConfigurationName = Release;
		};
		C27EF5FB2A07C2BA000CA41F /* Build configuration list for PBXNativeTarget "Ceyehat" */ = {
			isa = XCConfigurationList;
			buildConfigurations = (
				C27EF5FC2A07C2BA000CA41F /* Debug */,
				C27EF5FD2A07C2BA000CA41F /* Release */,
			);
			defaultConfigurationIsVisible = 0;
			defaultConfigurationName = Release;
		};
		C27EF5FE2A07C2BA000CA41F /* Build configuration list for PBXNativeTarget "CeyehatTests" */ = {
			isa = XCConfigurationList;
			buildConfigurations = (
				C27EF5FF2A07C2BA000CA41F /* Debug */,
				C27EF6002A07C2BA000CA41F /* Release */,
			);
			defaultConfigurationIsVisible = 0;
			defaultConfigurationName = Release;
		};
		C27EF6012A07C2BA000CA41F /* Build configuration list for PBXNativeTarget "CeyehatUITests" */ = {
			isa = XCConfigurationList;
			buildConfigurations = (
				C27EF6022A07C2BA000CA41F /* Debug */,
				C27EF6032A07C2BA000CA41F /* Release */,
			);
			defaultConfigurationIsVisible = 0;
			defaultConfigurationName = Release;
		};
/* End XCConfigurationList section */

/* Begin XCVersionGroup section */
		C25C9D3A2A1F5FF200365BA2 /* User.xcdatamodeld */ = {
			isa = XCVersionGroup;
			children = (
				C25C9D3B2A1F5FF200365BA2 /* User.xcdatamodel */,
			);
			currentVersion = C25C9D3B2A1F5FF200365BA2 /* User.xcdatamodel */;
			path = User.xcdatamodeld;
			sourceTree = "<group>";
			versionGroupType = wrapper.xcdatamodel;
		};
		C27EF5E02A07C2BA000CA41F /* Ceyehat.xcdatamodeld */ = {
			isa = XCVersionGroup;
			children = (
				C27EF5E12A07C2BA000CA41F /* Ceyehat.xcdatamodel */,
			);
			currentVersion = C27EF5E12A07C2BA000CA41F /* Ceyehat.xcdatamodel */;
			path = Ceyehat.xcdatamodeld;
			sourceTree = "<group>";
			versionGroupType = wrapper.xcdatamodel;
		};
/* End XCVersionGroup section */
	};
	rootObject = C27EF5CA2A07C2B8000CA41F /* Project object */;
}
