// !$*UTF8*$!
{
	archiveVersion = 1;
	classes = {
	};
	objectVersion = 56;
	objects = {

/* Begin PBXBuildFile section */
		C2438ADD29BF93AF0051B0EA /* AirportViewModel.swift in Sources */ = {isa = PBXBuildFile; fileRef = C2438ADC29BF93AF0051B0EA /* AirportViewModel.swift */; };
		C2438AE129BF948C0051B0EA /* Api.swift in Sources */ = {isa = PBXBuildFile; fileRef = C2438AE029BF948C0051B0EA /* Api.swift */; };
		C2508BCF29BA082C004BACF0 /* CeyehatApp.swift in Sources */ = {isa = PBXBuildFile; fileRef = C2508BCE29BA082C004BACF0 /* CeyehatApp.swift */; };
		C2508BD129BA082C004BACF0 /* ContentView.swift in Sources */ = {isa = PBXBuildFile; fileRef = C2508BD029BA082C004BACF0 /* ContentView.swift */; };
		C2508BD329BA082E004BACF0 /* Assets.xcassets in Resources */ = {isa = PBXBuildFile; fileRef = C2508BD229BA082E004BACF0 /* Assets.xcassets */; };
		C2508BD629BA082E004BACF0 /* Preview Assets.xcassets in Resources */ = {isa = PBXBuildFile; fileRef = C2508BD529BA082E004BACF0 /* Preview Assets.xcassets */; };
		C2508BD829BA082E004BACF0 /* Persistence.swift in Sources */ = {isa = PBXBuildFile; fileRef = C2508BD729BA082E004BACF0 /* Persistence.swift */; };
		C2508BDB29BA082E004BACF0 /* Ceyehat.xcdatamodeld in Sources */ = {isa = PBXBuildFile; fileRef = C2508BD929BA082E004BACF0 /* Ceyehat.xcdatamodeld */; };
		C2508BE529BA082E004BACF0 /* CeyehatTests.swift in Sources */ = {isa = PBXBuildFile; fileRef = C2508BE429BA082E004BACF0 /* CeyehatTests.swift */; };
		C2508BEF29BA082E004BACF0 /* CeyehatUITests.swift in Sources */ = {isa = PBXBuildFile; fileRef = C2508BEE29BA082E004BACF0 /* CeyehatUITests.swift */; };
		C2508BF129BA082E004BACF0 /* CeyehatUITestsLaunchTests.swift in Sources */ = {isa = PBXBuildFile; fileRef = C2508BF029BA082E004BACF0 /* CeyehatUITestsLaunchTests.swift */; };
		C2B83B3129BF14220098284D /* WelcomeView.swift in Sources */ = {isa = PBXBuildFile; fileRef = C2B83B3029BF14220098284D /* WelcomeView.swift */; };
		C2B83B3329BF51EA0098284D /* FlightSearchView.swift in Sources */ = {isa = PBXBuildFile; fileRef = C2B83B3229BF51EA0098284D /* FlightSearchView.swift */; };
		C2B83B3529BF581A0098284D /* AirportSelectionView.swift in Sources */ = {isa = PBXBuildFile; fileRef = C2B83B3429BF581A0098284D /* AirportSelectionView.swift */; };
		C2B83B3729BF5BBF0098284D /* Airport.swift in Sources */ = {isa = PBXBuildFile; fileRef = C2B83B3629BF5BBF0098284D /* Airport.swift */; };
/* End PBXBuildFile section */

/* Begin PBXContainerItemProxy section */
		C2508BE129BA082E004BACF0 /* PBXContainerItemProxy */ = {
			isa = PBXContainerItemProxy;
			containerPortal = C2508BC329BA082C004BACF0 /* Project object */;
			proxyType = 1;
			remoteGlobalIDString = C2508BCA29BA082C004BACF0;
			remoteInfo = Ceyehat;
		};
		C2508BEB29BA082E004BACF0 /* PBXContainerItemProxy */ = {
			isa = PBXContainerItemProxy;
			containerPortal = C2508BC329BA082C004BACF0 /* Project object */;
			proxyType = 1;
			remoteGlobalIDString = C2508BCA29BA082C004BACF0;
			remoteInfo = Ceyehat;
		};
/* End PBXContainerItemProxy section */

/* Begin PBXFileReference section */
		C2438ADC29BF93AF0051B0EA /* AirportViewModel.swift */ = {isa = PBXFileReference; lastKnownFileType = sourcecode.swift; path = AirportViewModel.swift; sourceTree = "<group>"; };
		C2438AE029BF948C0051B0EA /* Api.swift */ = {isa = PBXFileReference; lastKnownFileType = sourcecode.swift; path = Api.swift; sourceTree = "<group>"; };
		C2508BCB29BA082C004BACF0 /* Ceyehat.app */ = {isa = PBXFileReference; explicitFileType = wrapper.application; includeInIndex = 0; path = Ceyehat.app; sourceTree = BUILT_PRODUCTS_DIR; };
		C2508BCE29BA082C004BACF0 /* CeyehatApp.swift */ = {isa = PBXFileReference; lastKnownFileType = sourcecode.swift; path = CeyehatApp.swift; sourceTree = "<group>"; };
		C2508BD029BA082C004BACF0 /* ContentView.swift */ = {isa = PBXFileReference; lastKnownFileType = sourcecode.swift; path = ContentView.swift; sourceTree = "<group>"; };
		C2508BD229BA082E004BACF0 /* Assets.xcassets */ = {isa = PBXFileReference; lastKnownFileType = folder.assetcatalog; path = Assets.xcassets; sourceTree = "<group>"; };
		C2508BD529BA082E004BACF0 /* Preview Assets.xcassets */ = {isa = PBXFileReference; lastKnownFileType = folder.assetcatalog; path = "Preview Assets.xcassets"; sourceTree = "<group>"; };
		C2508BD729BA082E004BACF0 /* Persistence.swift */ = {isa = PBXFileReference; lastKnownFileType = sourcecode.swift; path = Persistence.swift; sourceTree = "<group>"; };
		C2508BDA29BA082E004BACF0 /* Ceyehat.xcdatamodel */ = {isa = PBXFileReference; lastKnownFileType = wrapper.xcdatamodel; path = Ceyehat.xcdatamodel; sourceTree = "<group>"; };
		C2508BE029BA082E004BACF0 /* CeyehatTests.xctest */ = {isa = PBXFileReference; explicitFileType = wrapper.cfbundle; includeInIndex = 0; path = CeyehatTests.xctest; sourceTree = BUILT_PRODUCTS_DIR; };
		C2508BE429BA082E004BACF0 /* CeyehatTests.swift */ = {isa = PBXFileReference; lastKnownFileType = sourcecode.swift; path = CeyehatTests.swift; sourceTree = "<group>"; };
		C2508BEA29BA082E004BACF0 /* CeyehatUITests.xctest */ = {isa = PBXFileReference; explicitFileType = wrapper.cfbundle; includeInIndex = 0; path = CeyehatUITests.xctest; sourceTree = BUILT_PRODUCTS_DIR; };
		C2508BEE29BA082E004BACF0 /* CeyehatUITests.swift */ = {isa = PBXFileReference; lastKnownFileType = sourcecode.swift; path = CeyehatUITests.swift; sourceTree = "<group>"; };
		C2508BF029BA082E004BACF0 /* CeyehatUITestsLaunchTests.swift */ = {isa = PBXFileReference; lastKnownFileType = sourcecode.swift; path = CeyehatUITestsLaunchTests.swift; sourceTree = "<group>"; };
		C2B83B3029BF14220098284D /* WelcomeView.swift */ = {isa = PBXFileReference; lastKnownFileType = sourcecode.swift; path = WelcomeView.swift; sourceTree = "<group>"; };
		C2B83B3229BF51EA0098284D /* FlightSearchView.swift */ = {isa = PBXFileReference; lastKnownFileType = sourcecode.swift; path = FlightSearchView.swift; sourceTree = "<group>"; };
		C2B83B3429BF581A0098284D /* AirportSelectionView.swift */ = {isa = PBXFileReference; lastKnownFileType = sourcecode.swift; path = AirportSelectionView.swift; sourceTree = "<group>"; };
		C2B83B3629BF5BBF0098284D /* Airport.swift */ = {isa = PBXFileReference; lastKnownFileType = sourcecode.swift; path = Airport.swift; sourceTree = "<group>"; };
/* End PBXFileReference section */

/* Begin PBXFrameworksBuildPhase section */
		C2508BC829BA082C004BACF0 /* Frameworks */ = {
			isa = PBXFrameworksBuildPhase;
			buildActionMask = 2147483647;
			files = (
			);
			runOnlyForDeploymentPostprocessing = 0;
		};
		C2508BDD29BA082E004BACF0 /* Frameworks */ = {
			isa = PBXFrameworksBuildPhase;
			buildActionMask = 2147483647;
			files = (
			);
			runOnlyForDeploymentPostprocessing = 0;
		};
		C2508BE729BA082E004BACF0 /* Frameworks */ = {
			isa = PBXFrameworksBuildPhase;
			buildActionMask = 2147483647;
			files = (
			);
			runOnlyForDeploymentPostprocessing = 0;
		};
/* End PBXFrameworksBuildPhase section */

/* Begin PBXGroup section */
		C2438ADF29BF947C0051B0EA /* Utility */ = {
			isa = PBXGroup;
			children = (
				C2438AE029BF948C0051B0EA /* Api.swift */,
			);
			path = Utility;
			sourceTree = "<group>";
		};
		C2508BC229BA082C004BACF0 = {
			isa = PBXGroup;
			children = (
				C2508BCD29BA082C004BACF0 /* Ceyehat */,
				C2508BE329BA082E004BACF0 /* CeyehatTests */,
				C2508BED29BA082E004BACF0 /* CeyehatUITests */,
				C2508BCC29BA082C004BACF0 /* Products */,
			);
			sourceTree = "<group>";
		};
		C2508BCC29BA082C004BACF0 /* Products */ = {
			isa = PBXGroup;
			children = (
				C2508BCB29BA082C004BACF0 /* Ceyehat.app */,
				C2508BE029BA082E004BACF0 /* CeyehatTests.xctest */,
				C2508BEA29BA082E004BACF0 /* CeyehatUITests.xctest */,
			);
			name = Products;
			sourceTree = "<group>";
		};
		C2508BCD29BA082C004BACF0 /* Ceyehat */ = {
			isa = PBXGroup;
			children = (
				C2438ADF29BF947C0051B0EA /* Utility */,
				C2B5E25529BA3CA700FA0036 /* Controllers */,
				C2B5E25429BA3CA200FA0036 /* Views */,
				C2B5E25329BA3C9A00FA0036 /* Models */,
				C2508BCE29BA082C004BACF0 /* CeyehatApp.swift */,
				C2508BD029BA082C004BACF0 /* ContentView.swift */,
				C2508BD229BA082E004BACF0 /* Assets.xcassets */,
				C2508BD729BA082E004BACF0 /* Persistence.swift */,
				C2508BD929BA082E004BACF0 /* Ceyehat.xcdatamodeld */,
				C2508BD429BA082E004BACF0 /* Preview Content */,
			);
			path = Ceyehat;
			sourceTree = "<group>";
		};
		C2508BD429BA082E004BACF0 /* Preview Content */ = {
			isa = PBXGroup;
			children = (
				C2508BD529BA082E004BACF0 /* Preview Assets.xcassets */,
			);
			path = "Preview Content";
			sourceTree = "<group>";
		};
		C2508BE329BA082E004BACF0 /* CeyehatTests */ = {
			isa = PBXGroup;
			children = (
				C2508BE429BA082E004BACF0 /* CeyehatTests.swift */,
			);
			path = CeyehatTests;
			sourceTree = "<group>";
		};
		C2508BED29BA082E004BACF0 /* CeyehatUITests */ = {
			isa = PBXGroup;
			children = (
				C2508BEE29BA082E004BACF0 /* CeyehatUITests.swift */,
				C2508BF029BA082E004BACF0 /* CeyehatUITestsLaunchTests.swift */,
			);
			path = CeyehatUITests;
			sourceTree = "<group>";
		};
		C2B5E25329BA3C9A00FA0036 /* Models */ = {
			isa = PBXGroup;
			children = (
				C2B83B3629BF5BBF0098284D /* Airport.swift */,
			);
			path = Models;
			sourceTree = "<group>";
		};
		C2B5E25429BA3CA200FA0036 /* Views */ = {
			isa = PBXGroup;
			children = (
				C2B83B3029BF14220098284D /* WelcomeView.swift */,
				C2B83B3229BF51EA0098284D /* FlightSearchView.swift */,
				C2B83B3429BF581A0098284D /* AirportSelectionView.swift */,
			);
			path = Views;
			sourceTree = "<group>";
		};
		C2B5E25529BA3CA700FA0036 /* Controllers */ = {
			isa = PBXGroup;
			children = (
				C2438ADC29BF93AF0051B0EA /* AirportViewModel.swift */,
			);
			path = Controllers;
			sourceTree = "<group>";
		};
/* End PBXGroup section */

/* Begin PBXNativeTarget section */
		C2508BCA29BA082C004BACF0 /* Ceyehat */ = {
			isa = PBXNativeTarget;
			buildConfigurationList = C2508BF429BA082E004BACF0 /* Build configuration list for PBXNativeTarget "Ceyehat" */;
			buildPhases = (
				C2508BC729BA082C004BACF0 /* Sources */,
				C2508BC829BA082C004BACF0 /* Frameworks */,
				C2508BC929BA082C004BACF0 /* Resources */,
			);
			buildRules = (
			);
			dependencies = (
			);
			name = Ceyehat;
			productName = Ceyehat;
			productReference = C2508BCB29BA082C004BACF0 /* Ceyehat.app */;
			productType = "com.apple.product-type.application";
		};
		C2508BDF29BA082E004BACF0 /* CeyehatTests */ = {
			isa = PBXNativeTarget;
			buildConfigurationList = C2508BF729BA082E004BACF0 /* Build configuration list for PBXNativeTarget "CeyehatTests" */;
			buildPhases = (
				C2508BDC29BA082E004BACF0 /* Sources */,
				C2508BDD29BA082E004BACF0 /* Frameworks */,
				C2508BDE29BA082E004BACF0 /* Resources */,
			);
			buildRules = (
			);
			dependencies = (
				C2508BE229BA082E004BACF0 /* PBXTargetDependency */,
			);
			name = CeyehatTests;
			productName = CeyehatTests;
			productReference = C2508BE029BA082E004BACF0 /* CeyehatTests.xctest */;
			productType = "com.apple.product-type.bundle.unit-test";
		};
		C2508BE929BA082E004BACF0 /* CeyehatUITests */ = {
			isa = PBXNativeTarget;
			buildConfigurationList = C2508BFA29BA082E004BACF0 /* Build configuration list for PBXNativeTarget "CeyehatUITests" */;
			buildPhases = (
				C2508BE629BA082E004BACF0 /* Sources */,
				C2508BE729BA082E004BACF0 /* Frameworks */,
				C2508BE829BA082E004BACF0 /* Resources */,
			);
			buildRules = (
			);
			dependencies = (
				C2508BEC29BA082E004BACF0 /* PBXTargetDependency */,
			);
			name = CeyehatUITests;
			productName = CeyehatUITests;
			productReference = C2508BEA29BA082E004BACF0 /* CeyehatUITests.xctest */;
			productType = "com.apple.product-type.bundle.ui-testing";
		};
/* End PBXNativeTarget section */

/* Begin PBXProject section */
		C2508BC329BA082C004BACF0 /* Project object */ = {
			isa = PBXProject;
			attributes = {
				BuildIndependentTargetsInParallel = 1;
				LastSwiftUpdateCheck = 1420;
				LastUpgradeCheck = 1420;
				TargetAttributes = {
					C2508BCA29BA082C004BACF0 = {
						CreatedOnToolsVersion = 14.2;
					};
					C2508BDF29BA082E004BACF0 = {
						CreatedOnToolsVersion = 14.2;
						TestTargetID = C2508BCA29BA082C004BACF0;
					};
					C2508BE929BA082E004BACF0 = {
						CreatedOnToolsVersion = 14.2;
						TestTargetID = C2508BCA29BA082C004BACF0;
					};
				};
			};
			buildConfigurationList = C2508BC629BA082C004BACF0 /* Build configuration list for PBXProject "Ceyehat" */;
			compatibilityVersion = "Xcode 14.0";
			developmentRegion = en;
			hasScannedForEncodings = 0;
			knownRegions = (
				en,
				Base,
			);
			mainGroup = C2508BC229BA082C004BACF0;
			productRefGroup = C2508BCC29BA082C004BACF0 /* Products */;
			projectDirPath = "";
			projectRoot = "";
			targets = (
				C2508BCA29BA082C004BACF0 /* Ceyehat */,
				C2508BDF29BA082E004BACF0 /* CeyehatTests */,
				C2508BE929BA082E004BACF0 /* CeyehatUITests */,
			);
		};
/* End PBXProject section */

/* Begin PBXResourcesBuildPhase section */
		C2508BC929BA082C004BACF0 /* Resources */ = {
			isa = PBXResourcesBuildPhase;
			buildActionMask = 2147483647;
			files = (
				C2508BD629BA082E004BACF0 /* Preview Assets.xcassets in Resources */,
				C2508BD329BA082E004BACF0 /* Assets.xcassets in Resources */,
			);
			runOnlyForDeploymentPostprocessing = 0;
		};
		C2508BDE29BA082E004BACF0 /* Resources */ = {
			isa = PBXResourcesBuildPhase;
			buildActionMask = 2147483647;
			files = (
			);
			runOnlyForDeploymentPostprocessing = 0;
		};
		C2508BE829BA082E004BACF0 /* Resources */ = {
			isa = PBXResourcesBuildPhase;
			buildActionMask = 2147483647;
			files = (
			);
			runOnlyForDeploymentPostprocessing = 0;
		};
/* End PBXResourcesBuildPhase section */

/* Begin PBXSourcesBuildPhase section */
		C2508BC729BA082C004BACF0 /* Sources */ = {
			isa = PBXSourcesBuildPhase;
			buildActionMask = 2147483647;
			files = (
				C2B83B3329BF51EA0098284D /* FlightSearchView.swift in Sources */,
				C2B83B3729BF5BBF0098284D /* Airport.swift in Sources */,
				C2B83B3129BF14220098284D /* WelcomeView.swift in Sources */,
				C2508BD829BA082E004BACF0 /* Persistence.swift in Sources */,
				C2508BD129BA082C004BACF0 /* ContentView.swift in Sources */,
				C2438ADD29BF93AF0051B0EA /* AirportViewModel.swift in Sources */,
				C2508BCF29BA082C004BACF0 /* CeyehatApp.swift in Sources */,
				C2508BDB29BA082E004BACF0 /* Ceyehat.xcdatamodeld in Sources */,
				C2438AE129BF948C0051B0EA /* Api.swift in Sources */,
				C2B83B3529BF581A0098284D /* AirportSelectionView.swift in Sources */,
			);
			runOnlyForDeploymentPostprocessing = 0;
		};
		C2508BDC29BA082E004BACF0 /* Sources */ = {
			isa = PBXSourcesBuildPhase;
			buildActionMask = 2147483647;
			files = (
				C2508BE529BA082E004BACF0 /* CeyehatTests.swift in Sources */,
			);
			runOnlyForDeploymentPostprocessing = 0;
		};
		C2508BE629BA082E004BACF0 /* Sources */ = {
			isa = PBXSourcesBuildPhase;
			buildActionMask = 2147483647;
			files = (
				C2508BF129BA082E004BACF0 /* CeyehatUITestsLaunchTests.swift in Sources */,
				C2508BEF29BA082E004BACF0 /* CeyehatUITests.swift in Sources */,
			);
			runOnlyForDeploymentPostprocessing = 0;
		};
/* End PBXSourcesBuildPhase section */

/* Begin PBXTargetDependency section */
		C2508BE229BA082E004BACF0 /* PBXTargetDependency */ = {
			isa = PBXTargetDependency;
			target = C2508BCA29BA082C004BACF0 /* Ceyehat */;
			targetProxy = C2508BE129BA082E004BACF0 /* PBXContainerItemProxy */;
		};
		C2508BEC29BA082E004BACF0 /* PBXTargetDependency */ = {
			isa = PBXTargetDependency;
			target = C2508BCA29BA082C004BACF0 /* Ceyehat */;
			targetProxy = C2508BEB29BA082E004BACF0 /* PBXContainerItemProxy */;
		};
/* End PBXTargetDependency section */

/* Begin XCBuildConfiguration section */
		C2508BF229BA082E004BACF0 /* Debug */ = {
			isa = XCBuildConfiguration;
			buildSettings = {
				ALWAYS_SEARCH_USER_PATHS = NO;
				CLANG_ANALYZER_NONNULL = YES;
				CLANG_ANALYZER_NUMBER_OBJECT_CONVERSION = YES_AGGRESSIVE;
				CLANG_CXX_LANGUAGE_STANDARD = "gnu++20";
				CLANG_ENABLE_MODULES = YES;
				CLANG_ENABLE_OBJC_ARC = YES;
				CLANG_ENABLE_OBJC_WEAK = YES;
				CLANG_WARN_BLOCK_CAPTURE_AUTORELEASING = YES;
				CLANG_WARN_BOOL_CONVERSION = YES;
				CLANG_WARN_COMMA = YES;
				CLANG_WARN_CONSTANT_CONVERSION = YES;
				CLANG_WARN_DEPRECATED_OBJC_IMPLEMENTATIONS = YES;
				CLANG_WARN_DIRECT_OBJC_ISA_USAGE = YES_ERROR;
				CLANG_WARN_DOCUMENTATION_COMMENTS = YES;
				CLANG_WARN_EMPTY_BODY = YES;
				CLANG_WARN_ENUM_CONVERSION = YES;
				CLANG_WARN_INFINITE_RECURSION = YES;
				CLANG_WARN_INT_CONVERSION = YES;
				CLANG_WARN_NON_LITERAL_NULL_CONVERSION = YES;
				CLANG_WARN_OBJC_IMPLICIT_RETAIN_SELF = YES;
				CLANG_WARN_OBJC_LITERAL_CONVERSION = YES;
				CLANG_WARN_OBJC_ROOT_CLASS = YES_ERROR;
				CLANG_WARN_QUOTED_INCLUDE_IN_FRAMEWORK_HEADER = YES;
				CLANG_WARN_RANGE_LOOP_ANALYSIS = YES;
				CLANG_WARN_STRICT_PROTOTYPES = YES;
				CLANG_WARN_SUSPICIOUS_MOVE = YES;
				CLANG_WARN_UNGUARDED_AVAILABILITY = YES_AGGRESSIVE;
				CLANG_WARN_UNREACHABLE_CODE = YES;
				CLANG_WARN__DUPLICATE_METHOD_MATCH = YES;
				COPY_PHASE_STRIP = NO;
				DEBUG_INFORMATION_FORMAT = dwarf;
				ENABLE_STRICT_OBJC_MSGSEND = YES;
				ENABLE_TESTABILITY = YES;
				GCC_C_LANGUAGE_STANDARD = gnu11;
				GCC_DYNAMIC_NO_PIC = NO;
				GCC_NO_COMMON_BLOCKS = YES;
				GCC_OPTIMIZATION_LEVEL = 0;
				GCC_PREPROCESSOR_DEFINITIONS = (
					"DEBUG=1",
					"$(inherited)",
				);
				GCC_WARN_64_TO_32_BIT_CONVERSION = YES;
				GCC_WARN_ABOUT_RETURN_TYPE = YES_ERROR;
				GCC_WARN_UNDECLARED_SELECTOR = YES;
				GCC_WARN_UNINITIALIZED_AUTOS = YES_AGGRESSIVE;
				GCC_WARN_UNUSED_FUNCTION = YES;
				GCC_WARN_UNUSED_VARIABLE = YES;
				IPHONEOS_DEPLOYMENT_TARGET = 16.2;
				MTL_ENABLE_DEBUG_INFO = INCLUDE_SOURCE;
				MTL_FAST_MATH = YES;
				ONLY_ACTIVE_ARCH = YES;
				SDKROOT = iphoneos;
				SWIFT_ACTIVE_COMPILATION_CONDITIONS = DEBUG;
				SWIFT_OPTIMIZATION_LEVEL = "-Onone";
			};
			name = Debug;
		};
		C2508BF329BA082E004BACF0 /* Release */ = {
			isa = XCBuildConfiguration;
			buildSettings = {
				ALWAYS_SEARCH_USER_PATHS = NO;
				CLANG_ANALYZER_NONNULL = YES;
				CLANG_ANALYZER_NUMBER_OBJECT_CONVERSION = YES_AGGRESSIVE;
				CLANG_CXX_LANGUAGE_STANDARD = "gnu++20";
				CLANG_ENABLE_MODULES = YES;
				CLANG_ENABLE_OBJC_ARC = YES;
				CLANG_ENABLE_OBJC_WEAK = YES;
				CLANG_WARN_BLOCK_CAPTURE_AUTORELEASING = YES;
				CLANG_WARN_BOOL_CONVERSION = YES;
				CLANG_WARN_COMMA = YES;
				CLANG_WARN_CONSTANT_CONVERSION = YES;
				CLANG_WARN_DEPRECATED_OBJC_IMPLEMENTATIONS = YES;
				CLANG_WARN_DIRECT_OBJC_ISA_USAGE = YES_ERROR;
				CLANG_WARN_DOCUMENTATION_COMMENTS = YES;
				CLANG_WARN_EMPTY_BODY = YES;
				CLANG_WARN_ENUM_CONVERSION = YES;
				CLANG_WARN_INFINITE_RECURSION = YES;
				CLANG_WARN_INT_CONVERSION = YES;
				CLANG_WARN_NON_LITERAL_NULL_CONVERSION = YES;
				CLANG_WARN_OBJC_IMPLICIT_RETAIN_SELF = YES;
				CLANG_WARN_OBJC_LITERAL_CONVERSION = YES;
				CLANG_WARN_OBJC_ROOT_CLASS = YES_ERROR;
				CLANG_WARN_QUOTED_INCLUDE_IN_FRAMEWORK_HEADER = YES;
				CLANG_WARN_RANGE_LOOP_ANALYSIS = YES;
				CLANG_WARN_STRICT_PROTOTYPES = YES;
				CLANG_WARN_SUSPICIOUS_MOVE = YES;
				CLANG_WARN_UNGUARDED_AVAILABILITY = YES_AGGRESSIVE;
				CLANG_WARN_UNREACHABLE_CODE = YES;
				CLANG_WARN__DUPLICATE_METHOD_MATCH = YES;
				COPY_PHASE_STRIP = NO;
				DEBUG_INFORMATION_FORMAT = "dwarf-with-dsym";
				ENABLE_NS_ASSERTIONS = NO;
				ENABLE_STRICT_OBJC_MSGSEND = YES;
				GCC_C_LANGUAGE_STANDARD = gnu11;
				GCC_NO_COMMON_BLOCKS = YES;
				GCC_WARN_64_TO_32_BIT_CONVERSION = YES;
				GCC_WARN_ABOUT_RETURN_TYPE = YES_ERROR;
				GCC_WARN_UNDECLARED_SELECTOR = YES;
				GCC_WARN_UNINITIALIZED_AUTOS = YES_AGGRESSIVE;
				GCC_WARN_UNUSED_FUNCTION = YES;
				GCC_WARN_UNUSED_VARIABLE = YES;
				IPHONEOS_DEPLOYMENT_TARGET = 16.2;
				MTL_ENABLE_DEBUG_INFO = NO;
				MTL_FAST_MATH = YES;
				SDKROOT = iphoneos;
				SWIFT_COMPILATION_MODE = wholemodule;
				SWIFT_OPTIMIZATION_LEVEL = "-O";
				VALIDATE_PRODUCT = YES;
			};
			name = Release;
		};
		C2508BF529BA082E004BACF0 /* Debug */ = {
			isa = XCBuildConfiguration;
			buildSettings = {
				ASSETCATALOG_COMPILER_APPICON_NAME = AppIcon;
				ASSETCATALOG_COMPILER_GLOBAL_ACCENT_COLOR_NAME = AccentColor;
				CODE_SIGN_STYLE = Automatic;
				CURRENT_PROJECT_VERSION = 1;
				DEVELOPMENT_ASSET_PATHS = "\"Ceyehat/Preview Content\"";
				DEVELOPMENT_TEAM = G738ZC6QZV;
				ENABLE_PREVIEWS = YES;
				GENERATE_INFOPLIST_FILE = YES;
				INFOPLIST_KEY_UIApplicationSceneManifest_Generation = YES;
				INFOPLIST_KEY_UIApplicationSupportsIndirectInputEvents = YES;
				INFOPLIST_KEY_UILaunchScreen_Generation = YES;
				INFOPLIST_KEY_UISupportedInterfaceOrientations_iPad = "UIInterfaceOrientationPortrait UIInterfaceOrientationPortraitUpsideDown UIInterfaceOrientationLandscapeLeft UIInterfaceOrientationLandscapeRight";
				INFOPLIST_KEY_UISupportedInterfaceOrientations_iPhone = "UIInterfaceOrientationPortrait UIInterfaceOrientationLandscapeLeft UIInterfaceOrientationLandscapeRight";
				LD_RUNPATH_SEARCH_PATHS = (
					"$(inherited)",
					"@executable_path/Frameworks",
				);
				MARKETING_VERSION = 1.0;
				PRODUCT_BUNDLE_IDENTIFIER = ademclk.Ceyehat;
				PRODUCT_NAME = "$(TARGET_NAME)";
				SWIFT_EMIT_LOC_STRINGS = YES;
				SWIFT_VERSION = 5.0;
				TARGETED_DEVICE_FAMILY = "1,2";
			};
			name = Debug;
		};
		C2508BF629BA082E004BACF0 /* Release */ = {
			isa = XCBuildConfiguration;
			buildSettings = {
				ASSETCATALOG_COMPILER_APPICON_NAME = AppIcon;
				ASSETCATALOG_COMPILER_GLOBAL_ACCENT_COLOR_NAME = AccentColor;
				CODE_SIGN_STYLE = Automatic;
				CURRENT_PROJECT_VERSION = 1;
				DEVELOPMENT_ASSET_PATHS = "\"Ceyehat/Preview Content\"";
				DEVELOPMENT_TEAM = G738ZC6QZV;
				ENABLE_PREVIEWS = YES;
				GENERATE_INFOPLIST_FILE = YES;
				INFOPLIST_KEY_UIApplicationSceneManifest_Generation = YES;
				INFOPLIST_KEY_UIApplicationSupportsIndirectInputEvents = YES;
				INFOPLIST_KEY_UILaunchScreen_Generation = YES;
				INFOPLIST_KEY_UISupportedInterfaceOrientations_iPad = "UIInterfaceOrientationPortrait UIInterfaceOrientationPortraitUpsideDown UIInterfaceOrientationLandscapeLeft UIInterfaceOrientationLandscapeRight";
				INFOPLIST_KEY_UISupportedInterfaceOrientations_iPhone = "UIInterfaceOrientationPortrait UIInterfaceOrientationLandscapeLeft UIInterfaceOrientationLandscapeRight";
				LD_RUNPATH_SEARCH_PATHS = (
					"$(inherited)",
					"@executable_path/Frameworks",
				);
				MARKETING_VERSION = 1.0;
				PRODUCT_BUNDLE_IDENTIFIER = ademclk.Ceyehat;
				PRODUCT_NAME = "$(TARGET_NAME)";
				SWIFT_EMIT_LOC_STRINGS = YES;
				SWIFT_VERSION = 5.0;
				TARGETED_DEVICE_FAMILY = "1,2";
			};
			name = Release;
		};
		C2508BF829BA082E004BACF0 /* Debug */ = {
			isa = XCBuildConfiguration;
			buildSettings = {
				ALWAYS_EMBED_SWIFT_STANDARD_LIBRARIES = YES;
				BUNDLE_LOADER = "$(TEST_HOST)";
				CODE_SIGN_STYLE = Automatic;
				CURRENT_PROJECT_VERSION = 1;
				DEVELOPMENT_TEAM = G738ZC6QZV;
				GENERATE_INFOPLIST_FILE = YES;
				IPHONEOS_DEPLOYMENT_TARGET = 16.2;
				MARKETING_VERSION = 1.0;
				PRODUCT_BUNDLE_IDENTIFIER = ademclk.CeyehatTests;
				PRODUCT_NAME = "$(TARGET_NAME)";
				SWIFT_EMIT_LOC_STRINGS = NO;
				SWIFT_VERSION = 5.0;
				TARGETED_DEVICE_FAMILY = "1,2";
				TEST_HOST = "$(BUILT_PRODUCTS_DIR)/Ceyehat.app/$(BUNDLE_EXECUTABLE_FOLDER_PATH)/Ceyehat";
			};
			name = Debug;
		};
		C2508BF929BA082E004BACF0 /* Release */ = {
			isa = XCBuildConfiguration;
			buildSettings = {
				ALWAYS_EMBED_SWIFT_STANDARD_LIBRARIES = YES;
				BUNDLE_LOADER = "$(TEST_HOST)";
				CODE_SIGN_STYLE = Automatic;
				CURRENT_PROJECT_VERSION = 1;
				DEVELOPMENT_TEAM = G738ZC6QZV;
				GENERATE_INFOPLIST_FILE = YES;
				IPHONEOS_DEPLOYMENT_TARGET = 16.2;
				MARKETING_VERSION = 1.0;
				PRODUCT_BUNDLE_IDENTIFIER = ademclk.CeyehatTests;
				PRODUCT_NAME = "$(TARGET_NAME)";
				SWIFT_EMIT_LOC_STRINGS = NO;
				SWIFT_VERSION = 5.0;
				TARGETED_DEVICE_FAMILY = "1,2";
				TEST_HOST = "$(BUILT_PRODUCTS_DIR)/Ceyehat.app/$(BUNDLE_EXECUTABLE_FOLDER_PATH)/Ceyehat";
			};
			name = Release;
		};
		C2508BFB29BA082E004BACF0 /* Debug */ = {
			isa = XCBuildConfiguration;
			buildSettings = {
				ALWAYS_EMBED_SWIFT_STANDARD_LIBRARIES = YES;
				CODE_SIGN_STYLE = Automatic;
				CURRENT_PROJECT_VERSION = 1;
				DEVELOPMENT_TEAM = G738ZC6QZV;
				GENERATE_INFOPLIST_FILE = YES;
				MARKETING_VERSION = 1.0;
				PRODUCT_BUNDLE_IDENTIFIER = ademclk.CeyehatUITests;
				PRODUCT_NAME = "$(TARGET_NAME)";
				SWIFT_EMIT_LOC_STRINGS = NO;
				SWIFT_VERSION = 5.0;
				TARGETED_DEVICE_FAMILY = "1,2";
				TEST_TARGET_NAME = Ceyehat;
			};
			name = Debug;
		};
		C2508BFC29BA082E004BACF0 /* Release */ = {
			isa = XCBuildConfiguration;
			buildSettings = {
				ALWAYS_EMBED_SWIFT_STANDARD_LIBRARIES = YES;
				CODE_SIGN_STYLE = Automatic;
				CURRENT_PROJECT_VERSION = 1;
				DEVELOPMENT_TEAM = G738ZC6QZV;
				GENERATE_INFOPLIST_FILE = YES;
				MARKETING_VERSION = 1.0;
				PRODUCT_BUNDLE_IDENTIFIER = ademclk.CeyehatUITests;
				PRODUCT_NAME = "$(TARGET_NAME)";
				SWIFT_EMIT_LOC_STRINGS = NO;
				SWIFT_VERSION = 5.0;
				TARGETED_DEVICE_FAMILY = "1,2";
				TEST_TARGET_NAME = Ceyehat;
			};
			name = Release;
		};
/* End XCBuildConfiguration section */

/* Begin XCConfigurationList section */
		C2508BC629BA082C004BACF0 /* Build configuration list for PBXProject "Ceyehat" */ = {
			isa = XCConfigurationList;
			buildConfigurations = (
				C2508BF229BA082E004BACF0 /* Debug */,
				C2508BF329BA082E004BACF0 /* Release */,
			);
			defaultConfigurationIsVisible = 0;
			defaultConfigurationName = Release;
		};
		C2508BF429BA082E004BACF0 /* Build configuration list for PBXNativeTarget "Ceyehat" */ = {
			isa = XCConfigurationList;
			buildConfigurations = (
				C2508BF529BA082E004BACF0 /* Debug */,
				C2508BF629BA082E004BACF0 /* Release */,
			);
			defaultConfigurationIsVisible = 0;
			defaultConfigurationName = Release;
		};
		C2508BF729BA082E004BACF0 /* Build configuration list for PBXNativeTarget "CeyehatTests" */ = {
			isa = XCConfigurationList;
			buildConfigurations = (
				C2508BF829BA082E004BACF0 /* Debug */,
				C2508BF929BA082E004BACF0 /* Release */,
			);
			defaultConfigurationIsVisible = 0;
			defaultConfigurationName = Release;
		};
		C2508BFA29BA082E004BACF0 /* Build configuration list for PBXNativeTarget "CeyehatUITests" */ = {
			isa = XCConfigurationList;
			buildConfigurations = (
				C2508BFB29BA082E004BACF0 /* Debug */,
				C2508BFC29BA082E004BACF0 /* Release */,
			);
			defaultConfigurationIsVisible = 0;
			defaultConfigurationName = Release;
		};
/* End XCConfigurationList section */

/* Begin XCVersionGroup section */
		C2508BD929BA082E004BACF0 /* Ceyehat.xcdatamodeld */ = {
			isa = XCVersionGroup;
			children = (
				C2508BDA29BA082E004BACF0 /* Ceyehat.xcdatamodel */,
			);
			currentVersion = C2508BDA29BA082E004BACF0 /* Ceyehat.xcdatamodel */;
			path = Ceyehat.xcdatamodeld;
			sourceTree = "<group>";
			versionGroupType = wrapper.xcdatamodel;
		};
/* End XCVersionGroup section */
	};
	rootObject = C2508BC329BA082C004BACF0 /* Project object */;
}
