// !$*UTF8*$!
{
	archiveVersion = 1;
	classes = {
	};
	objectVersion = 56;
	objects = {

/* Begin PBXBuildFile section */
		C27EF5D62A07C2B8000CA41F /* CeyehatApp.swift in Sources */ = {isa = PBXBuildFile; fileRef = C27EF5D52A07C2B8000CA41F /* CeyehatApp.swift */; };
		C27EF5D82A07C2B8000CA41F /* ContentView.swift in Sources */ = {isa = PBXBuildFile; fileRef = C27EF5D72A07C2B8000CA41F /* ContentView.swift */; };
		C27EF5DA2A07C2BA000CA41F /* Assets.xcassets in Resources */ = {isa = PBXBuildFile; fileRef = C27EF5D92A07C2BA000CA41F /* Assets.xcassets */; };
		C27EF5DD2A07C2BA000CA41F /* Preview Assets.xcassets in Resources */ = {isa = PBXBuildFile; fileRef = C27EF5DC2A07C2BA000CA41F /* Preview Assets.xcassets */; };
		C27EF5DF2A07C2BA000CA41F /* Persistence.swift in Sources */ = {isa = PBXBuildFile; fileRef = C27EF5DE2A07C2BA000CA41F /* Persistence.swift */; };
		C27EF5E22A07C2BA000CA41F /* Ceyehat.xcdatamodeld in Sources */ = {isa = PBXBuildFile; fileRef = C27EF5E02A07C2BA000CA41F /* Ceyehat.xcdatamodeld */; };
		C27EF5EC2A07C2BA000CA41F /* CeyehatTests.swift in Sources */ = {isa = PBXBuildFile; fileRef = C27EF5EB2A07C2BA000CA41F /* CeyehatTests.swift */; };
		C27EF5F62A07C2BA000CA41F /* CeyehatUITests.swift in Sources */ = {isa = PBXBuildFile; fileRef = C27EF5F52A07C2BA000CA41F /* CeyehatUITests.swift */; };
		C27EF5F82A07C2BA000CA41F /* CeyehatUITestsLaunchTests.swift in Sources */ = {isa = PBXBuildFile; fileRef = C27EF5F72A07C2BA000CA41F /* CeyehatUITestsLaunchTests.swift */; };
		C27EF6052A07C39B000CA41F /* WelcomeView.swift in Sources */ = {isa = PBXBuildFile; fileRef = C27EF6042A07C39B000CA41F /* WelcomeView.swift */; };
		C27EF6062A07C39B000CA41F /* WelcomeView.swift in Sources */ = {isa = PBXBuildFile; fileRef = C27EF6042A07C39B000CA41F /* WelcomeView.swift */; };
		C27EF6082A07C3DC000CA41F /* HomeView.swift in Sources */ = {isa = PBXBuildFile; fileRef = C27EF6072A07C3DC000CA41F /* HomeView.swift */; };
		C27EF6092A07C3DC000CA41F /* HomeView.swift in Sources */ = {isa = PBXBuildFile; fileRef = C27EF6072A07C3DC000CA41F /* HomeView.swift */; };
		C27EF60B2A07C3FD000CA41F /* FlightSearchView.swift in Sources */ = {isa = PBXBuildFile; fileRef = C27EF60A2A07C3FD000CA41F /* FlightSearchView.swift */; };
		C27EF60C2A07C3FD000CA41F /* FlightSearchView.swift in Sources */ = {isa = PBXBuildFile; fileRef = C27EF60A2A07C3FD000CA41F /* FlightSearchView.swift */; };
		C27EF60E2A07C41E000CA41F /* CheckinView.swift in Sources */ = {isa = PBXBuildFile; fileRef = C27EF60D2A07C41E000CA41F /* CheckinView.swift */; };
		C27EF60F2A07C41E000CA41F /* CheckinView.swift in Sources */ = {isa = PBXBuildFile; fileRef = C27EF60D2A07C41E000CA41F /* CheckinView.swift */; };
		C27EF6172A07CA6D000CA41F /* WelcomeViewUITests.swift in Sources */ = {isa = PBXBuildFile; fileRef = C27EF6162A07CA6D000CA41F /* WelcomeViewUITests.swift */; };
		C27EF61A2A07CBC6000CA41F /* Flight.swift in Sources */ = {isa = PBXBuildFile; fileRef = C27EF6192A07CBC6000CA41F /* Flight.swift */; };
		C27EF61B2A07CBC6000CA41F /* Flight.swift in Sources */ = {isa = PBXBuildFile; fileRef = C27EF6192A07CBC6000CA41F /* Flight.swift */; };
		C27EF61D2A07CD4A000CA41F /* FlightModelTest.swift in Sources */ = {isa = PBXBuildFile; fileRef = C27EF61C2A07CD4A000CA41F /* FlightModelTest.swift */; };
		C27EF6202A07CDF7000CA41F /* Formatters.swift in Sources */ = {isa = PBXBuildFile; fileRef = C27EF61F2A07CDF7000CA41F /* Formatters.swift */; };
		C27EF6212A07CDF7000CA41F /* Formatters.swift in Sources */ = {isa = PBXBuildFile; fileRef = C27EF61F2A07CDF7000CA41F /* Formatters.swift */; };
/* End PBXBuildFile section */

/* Begin PBXContainerItemProxy section */
		C27EF5E82A07C2BA000CA41F /* PBXContainerItemProxy */ = {
			isa = PBXContainerItemProxy;
			containerPortal = C27EF5CA2A07C2B8000CA41F /* Project object */;
			proxyType = 1;
			remoteGlobalIDString = C27EF5D12A07C2B8000CA41F;
			remoteInfo = Ceyehat;
		};
		C27EF5F22A07C2BA000CA41F /* PBXContainerItemProxy */ = {
			isa = PBXContainerItemProxy;
			containerPortal = C27EF5CA2A07C2B8000CA41F /* Project object */;
			proxyType = 1;
			remoteGlobalIDString = C27EF5D12A07C2B8000CA41F;
			remoteInfo = Ceyehat;
		};
/* End PBXContainerItemProxy section */

/* Begin PBXFileReference section */
		C27EF5D22A07C2B8000CA41F /* Ceyehat.app */ = {isa = PBXFileReference; explicitFileType = wrapper.application; includeInIndex = 0; path = Ceyehat.app; sourceTree = BUILT_PRODUCTS_DIR; };
		C27EF5D52A07C2B8000CA41F /* CeyehatApp.swift */ = {isa = PBXFileReference; lastKnownFileType = sourcecode.swift; path = CeyehatApp.swift; sourceTree = "<group>"; };
		C27EF5D72A07C2B8000CA41F /* ContentView.swift */ = {isa = PBXFileReference; lastKnownFileType = sourcecode.swift; path = ContentView.swift; sourceTree = "<group>"; };
		C27EF5D92A07C2BA000CA41F /* Assets.xcassets */ = {isa = PBXFileReference; lastKnownFileType = folder.assetcatalog; path = Assets.xcassets; sourceTree = "<group>"; };
		C27EF5DC2A07C2BA000CA41F /* Preview Assets.xcassets */ = {isa = PBXFileReference; lastKnownFileType = folder.assetcatalog; path = "Preview Assets.xcassets"; sourceTree = "<group>"; };
		C27EF5DE2A07C2BA000CA41F /* Persistence.swift */ = {isa = PBXFileReference; lastKnownFileType = sourcecode.swift; path = Persistence.swift; sourceTree = "<group>"; };
		C27EF5E12A07C2BA000CA41F /* Ceyehat.xcdatamodel */ = {isa = PBXFileReference; lastKnownFileType = wrapper.xcdatamodel; path = Ceyehat.xcdatamodel; sourceTree = "<group>"; };
		C27EF5E72A07C2BA000CA41F /* CeyehatTests.xctest */ = {isa = PBXFileReference; explicitFileType = wrapper.cfbundle; includeInIndex = 0; path = CeyehatTests.xctest; sourceTree = BUILT_PRODUCTS_DIR; };
		C27EF5EB2A07C2BA000CA41F /* CeyehatTests.swift */ = {isa = PBXFileReference; lastKnownFileType = sourcecode.swift; path = CeyehatTests.swift; sourceTree = "<group>"; };
		C27EF5F12A07C2BA000CA41F /* CeyehatUITests.xctest */ = {isa = PBXFileReference; explicitFileType = wrapper.cfbundle; includeInIndex = 0; path = CeyehatUITests.xctest; sourceTree = BUILT_PRODUCTS_DIR; };
		C27EF5F52A07C2BA000CA41F /* CeyehatUITests.swift */ = {isa = PBXFileReference; lastKnownFileType = sourcecode.swift; path = CeyehatUITests.swift; sourceTree = "<group>"; };
		C27EF5F72A07C2BA000CA41F /* CeyehatUITestsLaunchTests.swift */ = {isa = PBXFileReference; lastKnownFileType = sourcecode.swift; path = CeyehatUITestsLaunchTests.swift; sourceTree = "<group>"; };
		C27EF6042A07C39B000CA41F /* WelcomeView.swift */ = {isa = PBXFileReference; lastKnownFileType = sourcecode.swift; path = WelcomeView.swift; sourceTree = "<group>"; };
		C27EF6072A07C3DC000CA41F /* HomeView.swift */ = {isa = PBXFileReference; lastKnownFileType = sourcecode.swift; path = HomeView.swift; sourceTree = "<group>"; };
		C27EF60A2A07C3FD000CA41F /* FlightSearchView.swift */ = {isa = PBXFileReference; lastKnownFileType = sourcecode.swift; path = FlightSearchView.swift; sourceTree = "<group>"; };
		C27EF60D2A07C41E000CA41F /* CheckinView.swift */ = {isa = PBXFileReference; lastKnownFileType = sourcecode.swift; path = CheckinView.swift; sourceTree = "<group>"; };
		C27EF6162A07CA6D000CA41F /* WelcomeViewUITests.swift */ = {isa = PBXFileReference; lastKnownFileType = sourcecode.swift; path = WelcomeViewUITests.swift; sourceTree = "<group>"; };
		C27EF6192A07CBC6000CA41F /* Flight.swift */ = {isa = PBXFileReference; lastKnownFileType = sourcecode.swift; path = Flight.swift; sourceTree = "<group>"; };
		C27EF61C2A07CD4A000CA41F /* FlightModelTest.swift */ = {isa = PBXFileReference; lastKnownFileType = sourcecode.swift; path = FlightModelTest.swift; sourceTree = "<group>"; };
		C27EF61F2A07CDF7000CA41F /* Formatters.swift */ = {isa = PBXFileReference; lastKnownFileType = sourcecode.swift; path = Formatters.swift; sourceTree = "<group>"; };
/* End PBXFileReference section */

/* Begin PBXFrameworksBuildPhase section */
		C27EF5CF2A07C2B8000CA41F /* Frameworks */ = {
			isa = PBXFrameworksBuildPhase;
			buildActionMask = 2147483647;
			files = (
			);
			runOnlyForDeploymentPostprocessing = 0;
		};
		C27EF5E42A07C2BA000CA41F /* Frameworks */ = {
			isa = PBXFrameworksBuildPhase;
			buildActionMask = 2147483647;
			files = (
			);
			runOnlyForDeploymentPostprocessing = 0;
		};
		C27EF5EE2A07C2BA000CA41F /* Frameworks */ = {
			isa = PBXFrameworksBuildPhase;
			buildActionMask = 2147483647;
			files = (
			);
			runOnlyForDeploymentPostprocessing = 0;
		};
/* End PBXFrameworksBuildPhase section */

/* Begin PBXGroup section */
		C27EF5C92A07C2B8000CA41F = {
			isa = PBXGroup;
			children = (
				C27EF5D42A07C2B8000CA41F /* Ceyehat */,
				C27EF5EA2A07C2BA000CA41F /* CeyehatTests */,
				C27EF5F42A07C2BA000CA41F /* CeyehatUITests */,
				C27EF5D32A07C2B8000CA41F /* Products */,
			);
			sourceTree = "<group>";
		};
		C27EF5D32A07C2B8000CA41F /* Products */ = {
			isa = PBXGroup;
			children = (
				C27EF5D22A07C2B8000CA41F /* Ceyehat.app */,
				C27EF5E72A07C2BA000CA41F /* CeyehatTests.xctest */,
				C27EF5F12A07C2BA000CA41F /* CeyehatUITests.xctest */,
			);
			name = Products;
			sourceTree = "<group>";
		};
		C27EF5D42A07C2B8000CA41F /* Ceyehat */ = {
			isa = PBXGroup;
			children = (
				C27EF61E2A07CDE8000CA41F /* Utils */,
				C27EF6182A07CBB5000CA41F /* Models */,
				C27EF6102A07C435000CA41F /* Views */,
				C27EF5D52A07C2B8000CA41F /* CeyehatApp.swift */,
				C27EF5D92A07C2BA000CA41F /* Assets.xcassets */,
				C27EF5DE2A07C2BA000CA41F /* Persistence.swift */,
				C27EF5E02A07C2BA000CA41F /* Ceyehat.xcdatamodeld */,
				C27EF5DB2A07C2BA000CA41F /* Preview Content */,
			);
			path = Ceyehat;
			sourceTree = "<group>";
		};
		C27EF5DB2A07C2BA000CA41F /* Preview Content */ = {
			isa = PBXGroup;
			children = (
				C27EF5DC2A07C2BA000CA41F /* Preview Assets.xcassets */,
			);
			path = "Preview Content";
			sourceTree = "<group>";
		};
		C27EF5EA2A07C2BA000CA41F /* CeyehatTests */ = {
			isa = PBXGroup;
			children = (
				C27EF5EB2A07C2BA000CA41F /* CeyehatTests.swift */,
				C27EF61C2A07CD4A000CA41F /* FlightModelTest.swift */,
			);
			path = CeyehatTests;
			sourceTree = "<group>";
		};
		C27EF5F42A07C2BA000CA41F /* CeyehatUITests */ = {
			isa = PBXGroup;
			children = (
				C27EF5F52A07C2BA000CA41F /* CeyehatUITests.swift */,
				C27EF5F72A07C2BA000CA41F /* CeyehatUITestsLaunchTests.swift */,
				C27EF6162A07CA6D000CA41F /* WelcomeViewUITests.swift */,
			);
			path = CeyehatUITests;
			sourceTree = "<group>";
		};
		C27EF6102A07C435000CA41F /* Views */ = {
			isa = PBXGroup;
			children = (
				C27EF5D72A07C2B8000CA41F /* ContentView.swift */,
				C27EF6042A07C39B000CA41F /* WelcomeView.swift */,
				C27EF6072A07C3DC000CA41F /* HomeView.swift */,
				C27EF60A2A07C3FD000CA41F /* FlightSearchView.swift */,
				C27EF60D2A07C41E000CA41F /* CheckinView.swift */,
			);
			path = Views;
			sourceTree = "<group>";
		};
		C27EF6182A07CBB5000CA41F /* Models */ = {
			isa = PBXGroup;
			children = (
				C27EF6192A07CBC6000CA41F /* Flight.swift */,
			);
			path = Models;
			sourceTree = "<group>";
		};
		C27EF61E2A07CDE8000CA41F /* Utils */ = {
			isa = PBXGroup;
			children = (
				C27EF61F2A07CDF7000CA41F /* Formatters.swift */,
			);
			path = Utils;
			sourceTree = "<group>";
		};
/* End PBXGroup section */

/* Begin PBXNativeTarget section */
		C27EF5D12A07C2B8000CA41F /* Ceyehat */ = {
			isa = PBXNativeTarget;
			buildConfigurationList = C27EF5FB2A07C2BA000CA41F /* Build configuration list for PBXNativeTarget "Ceyehat" */;
			buildPhases = (
				C27EF5CE2A07C2B8000CA41F /* Sources */,
				C27EF5CF2A07C2B8000CA41F /* Frameworks */,
				C27EF5D02A07C2B8000CA41F /* Resources */,
			);
			buildRules = (
			);
			dependencies = (
			);
			name = Ceyehat;
			productName = Ceyehat;
			productReference = C27EF5D22A07C2B8000CA41F /* Ceyehat.app */;
			productType = "com.apple.product-type.application";
		};
		C27EF5E62A07C2BA000CA41F /* CeyehatTests */ = {
			isa = PBXNativeTarget;
			buildConfigurationList = C27EF5FE2A07C2BA000CA41F /* Build configuration list for PBXNativeTarget "CeyehatTests" */;
			buildPhases = (
				C27EF5E32A07C2BA000CA41F /* Sources */,
				C27EF5E42A07C2BA000CA41F /* Frameworks */,
				C27EF5E52A07C2BA000CA41F /* Resources */,
			);
			buildRules = (
			);
			dependencies = (
				C27EF5E92A07C2BA000CA41F /* PBXTargetDependency */,
			);
			name = CeyehatTests;
			productName = CeyehatTests;
			productReference = C27EF5E72A07C2BA000CA41F /* CeyehatTests.xctest */;
			productType = "com.apple.product-type.bundle.unit-test";
		};
		C27EF5F02A07C2BA000CA41F /* CeyehatUITests */ = {
			isa = PBXNativeTarget;
			buildConfigurationList = C27EF6012A07C2BA000CA41F /* Build configuration list for PBXNativeTarget "CeyehatUITests" */;
			buildPhases = (
				C27EF5ED2A07C2BA000CA41F /* Sources */,
				C27EF5EE2A07C2BA000CA41F /* Frameworks */,
				C27EF5EF2A07C2BA000CA41F /* Resources */,
			);
			buildRules = (
			);
			dependencies = (
				C27EF5F32A07C2BA000CA41F /* PBXTargetDependency */,
			);
			name = CeyehatUITests;
			productName = CeyehatUITests;
			productReference = C27EF5F12A07C2BA000CA41F /* CeyehatUITests.xctest */;
			productType = "com.apple.product-type.bundle.ui-testing";
		};
/* End PBXNativeTarget section */

/* Begin PBXProject section */
		C27EF5CA2A07C2B8000CA41F /* Project object */ = {
			isa = PBXProject;
			attributes = {
				BuildIndependentTargetsInParallel = 1;
				LastSwiftUpdateCheck = 1430;
				LastUpgradeCheck = 1430;
				TargetAttributes = {
					C27EF5D12A07C2B8000CA41F = {
						CreatedOnToolsVersion = 14.3;
					};
					C27EF5E62A07C2BA000CA41F = {
						CreatedOnToolsVersion = 14.3;
						TestTargetID = C27EF5D12A07C2B8000CA41F;
					};
					C27EF5F02A07C2BA000CA41F = {
						CreatedOnToolsVersion = 14.3;
						TestTargetID = C27EF5D12A07C2B8000CA41F;
					};
				};
			};
			buildConfigurationList = C27EF5CD2A07C2B8000CA41F /* Build configuration list for PBXProject "Ceyehat" */;
			compatibilityVersion = "Xcode 14.0";
			developmentRegion = en;
			hasScannedForEncodings = 0;
			knownRegions = (
				en,
				Base,
			);
			mainGroup = C27EF5C92A07C2B8000CA41F;
			productRefGroup = C27EF5D32A07C2B8000CA41F /* Products */;
			projectDirPath = "";
			projectRoot = "";
			targets = (
				C27EF5D12A07C2B8000CA41F /* Ceyehat */,
				C27EF5E62A07C2BA000CA41F /* CeyehatTests */,
				C27EF5F02A07C2BA000CA41F /* CeyehatUITests */,
			);
		};
/* End PBXProject section */

/* Begin PBXResourcesBuildPhase section */
		C27EF5D02A07C2B8000CA41F /* Resources */ = {
			isa = PBXResourcesBuildPhase;
			buildActionMask = 2147483647;
			files = (
				C27EF5DD2A07C2BA000CA41F /* Preview Assets.xcassets in Resources */,
				C27EF5DA2A07C2BA000CA41F /* Assets.xcassets in Resources */,
			);
			runOnlyForDeploymentPostprocessing = 0;
		};
		C27EF5E52A07C2BA000CA41F /* Resources */ = {
			isa = PBXResourcesBuildPhase;
			buildActionMask = 2147483647;
			files = (
			);
			runOnlyForDeploymentPostprocessing = 0;
		};
		C27EF5EF2A07C2BA000CA41F /* Resources */ = {
			isa = PBXResourcesBuildPhase;
			buildActionMask = 2147483647;
			files = (
			);
			runOnlyForDeploymentPostprocessing = 0;
		};
/* End PBXResourcesBuildPhase section */

/* Begin PBXSourcesBuildPhase section */
		C27EF5CE2A07C2B8000CA41F /* Sources */ = {
			isa = PBXSourcesBuildPhase;
			buildActionMask = 2147483647;
			files = (
				C27EF61A2A07CBC6000CA41F /* Flight.swift in Sources */,
				C27EF60B2A07C3FD000CA41F /* FlightSearchView.swift in Sources */,
				C27EF6052A07C39B000CA41F /* WelcomeView.swift in Sources */,
				C27EF5DF2A07C2BA000CA41F /* Persistence.swift in Sources */,
				C27EF5D82A07C2B8000CA41F /* ContentView.swift in Sources */,
				C27EF60E2A07C41E000CA41F /* CheckinView.swift in Sources */,
				C27EF6082A07C3DC000CA41F /* HomeView.swift in Sources */,
				C27EF5D62A07C2B8000CA41F /* CeyehatApp.swift in Sources */,
				C27EF6202A07CDF7000CA41F /* Formatters.swift in Sources */,
				C27EF5E22A07C2BA000CA41F /* Ceyehat.xcdatamodeld in Sources */,
			);
			runOnlyForDeploymentPostprocessing = 0;
		};
		C27EF5E32A07C2BA000CA41F /* Sources */ = {
			isa = PBXSourcesBuildPhase;
			buildActionMask = 2147483647;
			files = (
				C27EF5EC2A07C2BA000CA41F /* CeyehatTests.swift in Sources */,
				C27EF61B2A07CBC6000CA41F /* Flight.swift in Sources */,
				C27EF6212A07CDF7000CA41F /* Formatters.swift in Sources */,
				C27EF61D2A07CD4A000CA41F /* FlightModelTest.swift in Sources */,
			);
			runOnlyForDeploymentPostprocessing = 0;
		};
		C27EF5ED2A07C2BA000CA41F /* Sources */ = {
			isa = PBXSourcesBuildPhase;
			buildActionMask = 2147483647;
			files = (
				C27EF6172A07CA6D000CA41F /* WelcomeViewUITests.swift in Sources */,
				C27EF5F82A07C2BA000CA41F /* CeyehatUITestsLaunchTests.swift in Sources */,
				C27EF60C2A07C3FD000CA41F /* FlightSearchView.swift in Sources */,
				C27EF60F2A07C41E000CA41F /* CheckinView.swift in Sources */,
				C27EF6092A07C3DC000CA41F /* HomeView.swift in Sources */,
				C27EF6062A07C39B000CA41F /* WelcomeView.swift in Sources */,
				C27EF5F62A07C2BA000CA41F /* CeyehatUITests.swift in Sources */,
			);
			runOnlyForDeploymentPostprocessing = 0;
		};
/* End PBXSourcesBuildPhase section */

/* Begin PBXTargetDependency section */
		C27EF5E92A07C2BA000CA41F /* PBXTargetDependency */ = {
			isa = PBXTargetDependency;
			target = C27EF5D12A07C2B8000CA41F /* Ceyehat */;
			targetProxy = C27EF5E82A07C2BA000CA41F /* PBXContainerItemProxy */;
		};
		C27EF5F32A07C2BA000CA41F /* PBXTargetDependency */ = {
			isa = PBXTargetDependency;
			target = C27EF5D12A07C2B8000CA41F /* Ceyehat */;
			targetProxy = C27EF5F22A07C2BA000CA41F /* PBXContainerItemProxy */;
		};
/* End PBXTargetDependency section */

/* Begin XCBuildConfiguration section */
		C27EF5F92A07C2BA000CA41F /* Debug */ = {
			isa = XCBuildConfiguration;
			buildSettings = {
				ALWAYS_SEARCH_USER_PATHS = NO;
				CLANG_ANALYZER_NONNULL = YES;
				CLANG_ANALYZER_NUMBER_OBJECT_CONVERSION = YES_AGGRESSIVE;
				CLANG_CXX_LANGUAGE_STANDARD = "gnu++20";
				CLANG_ENABLE_MODULES = YES;
				CLANG_ENABLE_OBJC_ARC = YES;
				CLANG_ENABLE_OBJC_WEAK = YES;
				CLANG_WARN_BLOCK_CAPTURE_AUTORELEASING = YES;
				CLANG_WARN_BOOL_CONVERSION = YES;
				CLANG_WARN_COMMA = YES;
				CLANG_WARN_CONSTANT_CONVERSION = YES;
				CLANG_WARN_DEPRECATED_OBJC_IMPLEMENTATIONS = YES;
				CLANG_WARN_DIRECT_OBJC_ISA_USAGE = YES_ERROR;
				CLANG_WARN_DOCUMENTATION_COMMENTS = YES;
				CLANG_WARN_EMPTY_BODY = YES;
				CLANG_WARN_ENUM_CONVERSION = YES;
				CLANG_WARN_INFINITE_RECURSION = YES;
				CLANG_WARN_INT_CONVERSION = YES;
				CLANG_WARN_NON_LITERAL_NULL_CONVERSION = YES;
				CLANG_WARN_OBJC_IMPLICIT_RETAIN_SELF = YES;
				CLANG_WARN_OBJC_LITERAL_CONVERSION = YES;
				CLANG_WARN_OBJC_ROOT_CLASS = YES_ERROR;
				CLANG_WARN_QUOTED_INCLUDE_IN_FRAMEWORK_HEADER = YES;
				CLANG_WARN_RANGE_LOOP_ANALYSIS = YES;
				CLANG_WARN_STRICT_PROTOTYPES = YES;
				CLANG_WARN_SUSPICIOUS_MOVE = YES;
				CLANG_WARN_UNGUARDED_AVAILABILITY = YES_AGGRESSIVE;
				CLANG_WARN_UNREACHABLE_CODE = YES;
				CLANG_WARN__DUPLICATE_METHOD_MATCH = YES;
				COPY_PHASE_STRIP = NO;
				DEBUG_INFORMATION_FORMAT = dwarf;
				ENABLE_STRICT_OBJC_MSGSEND = YES;
				ENABLE_TESTABILITY = YES;
				GCC_C_LANGUAGE_STANDARD = gnu11;
				GCC_DYNAMIC_NO_PIC = NO;
				GCC_NO_COMMON_BLOCKS = YES;
				GCC_OPTIMIZATION_LEVEL = 0;
				GCC_PREPROCESSOR_DEFINITIONS = (
					"DEBUG=1",
					"$(inherited)",
				);
				GCC_WARN_64_TO_32_BIT_CONVERSION = YES;
				GCC_WARN_ABOUT_RETURN_TYPE = YES_ERROR;
				GCC_WARN_UNDECLARED_SELECTOR = YES;
				GCC_WARN_UNINITIALIZED_AUTOS = YES_AGGRESSIVE;
				GCC_WARN_UNUSED_FUNCTION = YES;
				GCC_WARN_UNUSED_VARIABLE = YES;
				IPHONEOS_DEPLOYMENT_TARGET = 16.4;
				MTL_ENABLE_DEBUG_INFO = INCLUDE_SOURCE;
				MTL_FAST_MATH = YES;
				ONLY_ACTIVE_ARCH = YES;
				SDKROOT = iphoneos;
				SWIFT_ACTIVE_COMPILATION_CONDITIONS = DEBUG;
				SWIFT_OPTIMIZATION_LEVEL = "-Onone";
			};
			name = Debug;
		};
		C27EF5FA2A07C2BA000CA41F /* Release */ = {
			isa = XCBuildConfiguration;
			buildSettings = {
				ALWAYS_SEARCH_USER_PATHS = NO;
				CLANG_ANALYZER_NONNULL = YES;
				CLANG_ANALYZER_NUMBER_OBJECT_CONVERSION = YES_AGGRESSIVE;
				CLANG_CXX_LANGUAGE_STANDARD = "gnu++20";
				CLANG_ENABLE_MODULES = YES;
				CLANG_ENABLE_OBJC_ARC = YES;
				CLANG_ENABLE_OBJC_WEAK = YES;
				CLANG_WARN_BLOCK_CAPTURE_AUTORELEASING = YES;
				CLANG_WARN_BOOL_CONVERSION = YES;
				CLANG_WARN_COMMA = YES;
				CLANG_WARN_CONSTANT_CONVERSION = YES;
				CLANG_WARN_DEPRECATED_OBJC_IMPLEMENTATIONS = YES;
				CLANG_WARN_DIRECT_OBJC_ISA_USAGE = YES_ERROR;
				CLANG_WARN_DOCUMENTATION_COMMENTS = YES;
				CLANG_WARN_EMPTY_BODY = YES;
				CLANG_WARN_ENUM_CONVERSION = YES;
				CLANG_WARN_INFINITE_RECURSION = YES;
				CLANG_WARN_INT_CONVERSION = YES;
				CLANG_WARN_NON_LITERAL_NULL_CONVERSION = YES;
				CLANG_WARN_OBJC_IMPLICIT_RETAIN_SELF = YES;
				CLANG_WARN_OBJC_LITERAL_CONVERSION = YES;
				CLANG_WARN_OBJC_ROOT_CLASS = YES_ERROR;
				CLANG_WARN_QUOTED_INCLUDE_IN_FRAMEWORK_HEADER = YES;
				CLANG_WARN_RANGE_LOOP_ANALYSIS = YES;
				CLANG_WARN_STRICT_PROTOTYPES = YES;
				CLANG_WARN_SUSPICIOUS_MOVE = YES;
				CLANG_WARN_UNGUARDED_AVAILABILITY = YES_AGGRESSIVE;
				CLANG_WARN_UNREACHABLE_CODE = YES;
				CLANG_WARN__DUPLICATE_METHOD_MATCH = YES;
				COPY_PHASE_STRIP = NO;
				DEBUG_INFORMATION_FORMAT = "dwarf-with-dsym";
				ENABLE_NS_ASSERTIONS = NO;
				ENABLE_STRICT_OBJC_MSGSEND = YES;
				GCC_C_LANGUAGE_STANDARD = gnu11;
				GCC_NO_COMMON_BLOCKS = YES;
				GCC_WARN_64_TO_32_BIT_CONVERSION = YES;
				GCC_WARN_ABOUT_RETURN_TYPE = YES_ERROR;
				GCC_WARN_UNDECLARED_SELECTOR = YES;
				GCC_WARN_UNINITIALIZED_AUTOS = YES_AGGRESSIVE;
				GCC_WARN_UNUSED_FUNCTION = YES;
				GCC_WARN_UNUSED_VARIABLE = YES;
				IPHONEOS_DEPLOYMENT_TARGET = 16.4;
				MTL_ENABLE_DEBUG_INFO = NO;
				MTL_FAST_MATH = YES;
				SDKROOT = iphoneos;
				SWIFT_COMPILATION_MODE = wholemodule;
				SWIFT_OPTIMIZATION_LEVEL = "-O";
				VALIDATE_PRODUCT = YES;
			};
			name = Release;
		};
		C27EF5FC2A07C2BA000CA41F /* Debug */ = {
			isa = XCBuildConfiguration;
			buildSettings = {
				ASSETCATALOG_COMPILER_APPICON_NAME = AppIcon;
				ASSETCATALOG_COMPILER_GLOBAL_ACCENT_COLOR_NAME = AccentColor;
				CODE_SIGN_STYLE = Automatic;
				CURRENT_PROJECT_VERSION = 1;
				DEVELOPMENT_ASSET_PATHS = "\"Ceyehat/Preview Content\"";
				DEVELOPMENT_TEAM = G738ZC6QZV;
				ENABLE_PREVIEWS = YES;
				GENERATE_INFOPLIST_FILE = YES;
				INFOPLIST_KEY_UIApplicationSceneManifest_Generation = YES;
				INFOPLIST_KEY_UIApplicationSupportsIndirectInputEvents = YES;
				INFOPLIST_KEY_UILaunchScreen_Generation = YES;
				INFOPLIST_KEY_UISupportedInterfaceOrientations_iPad = "UIInterfaceOrientationPortrait UIInterfaceOrientationPortraitUpsideDown UIInterfaceOrientationLandscapeLeft UIInterfaceOrientationLandscapeRight";
				INFOPLIST_KEY_UISupportedInterfaceOrientations_iPhone = "UIInterfaceOrientationPortrait UIInterfaceOrientationLandscapeLeft UIInterfaceOrientationLandscapeRight";
				LD_RUNPATH_SEARCH_PATHS = (
					"$(inherited)",
					"@executable_path/Frameworks",
				);
				MARKETING_VERSION = 1.0;
				PRODUCT_BUNDLE_IDENTIFIER = ademclk.Ceyehat;
				PRODUCT_NAME = "$(TARGET_NAME)";
				SWIFT_EMIT_LOC_STRINGS = YES;
				SWIFT_VERSION = 5.0;
				TARGETED_DEVICE_FAMILY = "1,2";
			};
			name = Debug;
		};
		C27EF5FD2A07C2BA000CA41F /* Release */ = {
			isa = XCBuildConfiguration;
			buildSettings = {
				ASSETCATALOG_COMPILER_APPICON_NAME = AppIcon;
				ASSETCATALOG_COMPILER_GLOBAL_ACCENT_COLOR_NAME = AccentColor;
				CODE_SIGN_STYLE = Automatic;
				CURRENT_PROJECT_VERSION = 1;
				DEVELOPMENT_ASSET_PATHS = "\"Ceyehat/Preview Content\"";
				DEVELOPMENT_TEAM = G738ZC6QZV;
				ENABLE_PREVIEWS = YES;
				GENERATE_INFOPLIST_FILE = YES;
				INFOPLIST_KEY_UIApplicationSceneManifest_Generation = YES;
				INFOPLIST_KEY_UIApplicationSupportsIndirectInputEvents = YES;
				INFOPLIST_KEY_UILaunchScreen_Generation = YES;
				INFOPLIST_KEY_UISupportedInterfaceOrientations_iPad = "UIInterfaceOrientationPortrait UIInterfaceOrientationPortraitUpsideDown UIInterfaceOrientationLandscapeLeft UIInterfaceOrientationLandscapeRight";
				INFOPLIST_KEY_UISupportedInterfaceOrientations_iPhone = "UIInterfaceOrientationPortrait UIInterfaceOrientationLandscapeLeft UIInterfaceOrientationLandscapeRight";
				LD_RUNPATH_SEARCH_PATHS = (
					"$(inherited)",
					"@executable_path/Frameworks",
				);
				MARKETING_VERSION = 1.0;
				PRODUCT_BUNDLE_IDENTIFIER = ademclk.Ceyehat;
				PRODUCT_NAME = "$(TARGET_NAME)";
				SWIFT_EMIT_LOC_STRINGS = YES;
				SWIFT_VERSION = 5.0;
				TARGETED_DEVICE_FAMILY = "1,2";
			};
			name = Release;
		};
		C27EF5FF2A07C2BA000CA41F /* Debug */ = {
			isa = XCBuildConfiguration;
			buildSettings = {
				ALWAYS_EMBED_SWIFT_STANDARD_LIBRARIES = YES;
				BUNDLE_LOADER = "$(TEST_HOST)";
				CODE_SIGN_STYLE = Automatic;
				CURRENT_PROJECT_VERSION = 1;
				DEVELOPMENT_TEAM = G738ZC6QZV;
				GENERATE_INFOPLIST_FILE = YES;
				IPHONEOS_DEPLOYMENT_TARGET = 16.4;
				MARKETING_VERSION = 1.0;
				PRODUCT_BUNDLE_IDENTIFIER = ademclk.CeyehatTests;
				PRODUCT_NAME = "$(TARGET_NAME)";
				SWIFT_EMIT_LOC_STRINGS = NO;
				SWIFT_VERSION = 5.0;
				TARGETED_DEVICE_FAMILY = "1,2";
				TEST_HOST = "$(BUILT_PRODUCTS_DIR)/Ceyehat.app/$(BUNDLE_EXECUTABLE_FOLDER_PATH)/Ceyehat";
			};
			name = Debug;
		};
		C27EF6002A07C2BA000CA41F /* Release */ = {
			isa = XCBuildConfiguration;
			buildSettings = {
				ALWAYS_EMBED_SWIFT_STANDARD_LIBRARIES = YES;
				BUNDLE_LOADER = "$(TEST_HOST)";
				CODE_SIGN_STYLE = Automatic;
				CURRENT_PROJECT_VERSION = 1;
				DEVELOPMENT_TEAM = G738ZC6QZV;
				GENERATE_INFOPLIST_FILE = YES;
				IPHONEOS_DEPLOYMENT_TARGET = 16.4;
				MARKETING_VERSION = 1.0;
				PRODUCT_BUNDLE_IDENTIFIER = ademclk.CeyehatTests;
				PRODUCT_NAME = "$(TARGET_NAME)";
				SWIFT_EMIT_LOC_STRINGS = NO;
				SWIFT_VERSION = 5.0;
				TARGETED_DEVICE_FAMILY = "1,2";
				TEST_HOST = "$(BUILT_PRODUCTS_DIR)/Ceyehat.app/$(BUNDLE_EXECUTABLE_FOLDER_PATH)/Ceyehat";
			};
			name = Release;
		};
		C27EF6022A07C2BA000CA41F /* Debug */ = {
			isa = XCBuildConfiguration;
			buildSettings = {
				ALWAYS_EMBED_SWIFT_STANDARD_LIBRARIES = YES;
				CODE_SIGN_STYLE = Automatic;
				CURRENT_PROJECT_VERSION = 1;
				DEVELOPMENT_TEAM = G738ZC6QZV;
				GENERATE_INFOPLIST_FILE = YES;
				MARKETING_VERSION = 1.0;
				PRODUCT_BUNDLE_IDENTIFIER = ademclk.CeyehatUITests;
				PRODUCT_NAME = "$(TARGET_NAME)";
				SWIFT_EMIT_LOC_STRINGS = NO;
				SWIFT_VERSION = 5.0;
				TARGETED_DEVICE_FAMILY = "1,2";
				TEST_TARGET_NAME = Ceyehat;
			};
			name = Debug;
		};
		C27EF6032A07C2BA000CA41F /* Release */ = {
			isa = XCBuildConfiguration;
			buildSettings = {
				ALWAYS_EMBED_SWIFT_STANDARD_LIBRARIES = YES;
				CODE_SIGN_STYLE = Automatic;
				CURRENT_PROJECT_VERSION = 1;
				DEVELOPMENT_TEAM = G738ZC6QZV;
				GENERATE_INFOPLIST_FILE = YES;
				MARKETING_VERSION = 1.0;
				PRODUCT_BUNDLE_IDENTIFIER = ademclk.CeyehatUITests;
				PRODUCT_NAME = "$(TARGET_NAME)";
				SWIFT_EMIT_LOC_STRINGS = NO;
				SWIFT_VERSION = 5.0;
				TARGETED_DEVICE_FAMILY = "1,2";
				TEST_TARGET_NAME = Ceyehat;
			};
			name = Release;
		};
/* End XCBuildConfiguration section */

/* Begin XCConfigurationList section */
		C27EF5CD2A07C2B8000CA41F /* Build configuration list for PBXProject "Ceyehat" */ = {
			isa = XCConfigurationList;
			buildConfigurations = (
				C27EF5F92A07C2BA000CA41F /* Debug */,
				C27EF5FA2A07C2BA000CA41F /* Release */,
			);
			defaultConfigurationIsVisible = 0;
			defaultConfigurationName = Release;
		};
		C27EF5FB2A07C2BA000CA41F /* Build configuration list for PBXNativeTarget "Ceyehat" */ = {
			isa = XCConfigurationList;
			buildConfigurations = (
				C27EF5FC2A07C2BA000CA41F /* Debug */,
				C27EF5FD2A07C2BA000CA41F /* Release */,
			);
			defaultConfigurationIsVisible = 0;
			defaultConfigurationName = Release;
		};
		C27EF5FE2A07C2BA000CA41F /* Build configuration list for PBXNativeTarget "CeyehatTests" */ = {
			isa = XCConfigurationList;
			buildConfigurations = (
				C27EF5FF2A07C2BA000CA41F /* Debug */,
				C27EF6002A07C2BA000CA41F /* Release */,
			);
			defaultConfigurationIsVisible = 0;
			defaultConfigurationName = Release;
		};
		C27EF6012A07C2BA000CA41F /* Build configuration list for PBXNativeTarget "CeyehatUITests" */ = {
			isa = XCConfigurationList;
			buildConfigurations = (
				C27EF6022A07C2BA000CA41F /* Debug */,
				C27EF6032A07C2BA000CA41F /* Release */,
			);
			defaultConfigurationIsVisible = 0;
			defaultConfigurationName = Release;
		};
/* End XCConfigurationList section */

/* Begin XCVersionGroup section */
		C27EF5E02A07C2BA000CA41F /* Ceyehat.xcdatamodeld */ = {
			isa = XCVersionGroup;
			children = (
				C27EF5E12A07C2BA000CA41F /* Ceyehat.xcdatamodel */,
			);
			currentVersion = C27EF5E12A07C2BA000CA41F /* Ceyehat.xcdatamodel */;
			path = Ceyehat.xcdatamodeld;
			sourceTree = "<group>";
			versionGroupType = wrapper.xcdatamodel;
		};
/* End XCVersionGroup section */
	};
	rootObject = C27EF5CA2A07C2B8000CA41F /* Project object */;
}
